// !$*UTF8*$!
{
	archiveVersion = 1;
	classes = {
	};
	objectVersion = 77;
	objects = {

/* Begin PBXBuildFile section */
		F50CBAD42F3F8F9D007685D6 /* DesignComponents.swift in Sources */ = {isa = PBXBuildFile; fileRef = F50CBAD22F3F8F9D007685D6 /* DesignComponents.swift */; };
		F50CBAD52F3F8F9D007685D6 /* FloatingTabBar.swift in Sources */ = {isa = PBXBuildFile; fileRef = F50CBAD32F3F8F9D007685D6 /* FloatingTabBar.swift */; };
		F51A59242F34AFB20006E307 /* MonthYearPicker.swift in Sources */ = {isa = PBXBuildFile; fileRef = F51A59232F34AFB20006E307 /* MonthYearPicker.swift */; };
		F51F1B422F3BD12F007A3F3E /* ErrorPresenter.swift in Sources */ = {isa = PBXBuildFile; fileRef = F51F1B412F3BD12F007A3F3E /* ErrorPresenter.swift */; };
		F51F1B442F3BD2D6007A3F3E /* ErrorNotifications.swift in Sources */ = {isa = PBXBuildFile; fileRef = F51F1B432F3BD2D6007A3F3E /* ErrorNotifications.swift */; };
		F51F1B462F3BD2FA007A3F3E /* FloatingErrorView.swift in Sources */ = {isa = PBXBuildFile; fileRef = F51F1B452F3BD2FA007A3F3E /* FloatingErrorView.swift */; };
		F51F1B482F3BD304007A3F3E /* GlassCard.swift in Sources */ = {isa = PBXBuildFile; fileRef = F51F1B472F3BD304007A3F3E /* GlassCard.swift */; };
		F554EFE62F34F4AA008B6601 /* TodoCategory.swift in Sources */ = {isa = PBXBuildFile; fileRef = F554EFE42F34F4AA008B6601 /* TodoCategory.swift */; };
		F554EFE72F34F4AA008B6601 /* TodoItem.swift in Sources */ = {isa = PBXBuildFile; fileRef = F554EFE52F34F4AA008B6601 /* TodoItem.swift */; };
		F554EFE92F34F4C8008B6601 /* TodoViewModel.swift in Sources */ = {isa = PBXBuildFile; fileRef = F554EFE82F34F4C8008B6601 /* TodoViewModel.swift */; };
		F554EFF62F34F4DF008B6601 /* AddCategorySheet.swift in Sources */ = {isa = PBXBuildFile; fileRef = F554EFEF2F34F4DF008B6601 /* AddCategorySheet.swift */; };
		F554EFF72F34F4DF008B6601 /* AddTodoSheet.swift in Sources */ = {isa = PBXBuildFile; fileRef = F554EFF02F34F4DF008B6601 /* AddTodoSheet.swift */; };
		F554EFF82F34F4DF008B6601 /* SubtaskRow.swift in Sources */ = {isa = PBXBuildFile; fileRef = F554EFEC2F34F4DF008B6601 /* SubtaskRow.swift */; };
		F554EFF92F34F4DF008B6601 /* PriorityBadge.swift in Sources */ = {isa = PBXBuildFile; fileRef = F554EFEA2F34F4DF008B6601 /* PriorityBadge.swift */; };
		F554EFFA2F34F4DF008B6601 /* TodoCheckbox.swift in Sources */ = {isa = PBXBuildFile; fileRef = F554EFED2F34F4DF008B6601 /* TodoCheckbox.swift */; };
		F554EFFB2F34F4DF008B6601 /* TodoView.swift in Sources */ = {isa = PBXBuildFile; fileRef = F554EFF32F34F4DF008B6601 /* TodoView.swift */; };
		F554EFFC2F34F4DF008B6601 /* TodoRow.swift in Sources */ = {isa = PBXBuildFile; fileRef = F554EFF22F34F4DF008B6601 /* TodoRow.swift */; };
		F554EFFD2F34F4DF008B6601 /* CategoryCard.swift in Sources */ = {isa = PBXBuildFile; fileRef = F554EFF12F34F4DF008B6601 /* CategoryCard.swift */; };
		F554EFFE2F34F4DF008B6601 /* RecurrencePicker.swift in Sources */ = {isa = PBXBuildFile; fileRef = F554EFEB2F34F4DF008B6601 /* RecurrencePicker.swift */; };
		F554F0002F34F99C008B6601 /* TopBarView.swift in Sources */ = {isa = PBXBuildFile; fileRef = F554EFFF2F34F99C008B6601 /* TopBarView.swift */; };
		F554F0022F34F9AE008B6601 /* SideSheetModifier.swift in Sources */ = {isa = PBXBuildFile; fileRef = F554F0012F34F9AE008B6601 /* SideSheetModifier.swift */; };
		F554F0062F34F9E6008B6601 /* SettingsSheet.swift in Sources */ = {isa = PBXBuildFile; fileRef = F554F0032F34F9E6008B6601 /* SettingsSheet.swift */; };
		F556A0362F33CD160071D8B8 /* NotFoundView.swift in Sources */ = {isa = PBXBuildFile; fileRef = F556A0352F33CD160071D8B8 /* NotFoundView.swift */; };
		F556A0542F33F0BD0071D8B8 /* Localization.swift in Sources */ = {isa = PBXBuildFile; fileRef = F556A0532F33F0BD0071D8B8 /* Localization.swift */; };
		F57A615E2F55A9090073E676 /* MonobankModels.swift in Sources */ = {isa = PBXBuildFile; fileRef = F57A615D2F55A9090073E676 /* MonobankModels.swift */; };
		F57A61612F55A9140073E676 /* MonobankSyncService.swift in Sources */ = {isa = PBXBuildFile; fileRef = F57A61602F55A9140073E676 /* MonobankSyncService.swift */; };
		F57A61622F55A9140073E676 /* MonobankKeychainStore.swift in Sources */ = {isa = PBXBuildFile; fileRef = F57A615F2F55A9140073E676 /* MonobankKeychainStore.swift */; };
		F57A61652F55A9230073E676 /* MonobankProjectionMapperTests.swift in Sources */ = {isa = PBXBuildFile; fileRef = F57A61632F55A9230073E676 /* MonobankProjectionMapperTests.swift */; };
		F57A61662F55A9230073E676 /* MonobankWidgetBalanceSyncTests.swift in Sources */ = {isa = PBXBuildFile; fileRef = F57A61642F55A9230073E676 /* MonobankWidgetBalanceSyncTests.swift */; };
		F593C11E2F33C234007F8DEB /* Assets.xcassets in Resources */ = {isa = PBXBuildFile; fileRef = F593C0E62F33C234007F8DEB /* Assets.xcassets */; };
		F593C11F2F33C234007F8DEB /* Formatters.swift in Sources */ = {isa = PBXBuildFile; fileRef = F593C11B2F33C234007F8DEB /* Formatters.swift */; };
		F593C1202F33C234007F8DEB /* CountdownView.swift in Sources */ = {isa = PBXBuildFile; fileRef = F593C1092F33C234007F8DEB /* CountdownView.swift */; };
		F593C1212F33C234007F8DEB /* CalendarViewModel.swift in Sources */ = {isa = PBXBuildFile; fileRef = F593C0F12F33C234007F8DEB /* CalendarViewModel.swift */; };
		F593C1222F33C234007F8DEB /* View+Glass.swift in Sources */ = {isa = PBXBuildFile; fileRef = F593C1182F33C234007F8DEB /* View+Glass.swift */; };
		F593C1232F33C234007F8DEB /* CalendarApp.swift in Sources */ = {isa = PBXBuildFile; fileRef = F593C0E72F33C234007F8DEB /* CalendarApp.swift */; };
		F593C1242F33C234007F8DEB /* TimerView.swift in Sources */ = {isa = PBXBuildFile; fileRef = F593C10C2F33C234007F8DEB /* TimerView.swift */; };
		F593C1252F33C234007F8DEB /* NotificationService.swift in Sources */ = {isa = PBXBuildFile; fileRef = F593C0EE2F33C234007F8DEB /* NotificationService.swift */; };
		F593C1262F33C234007F8DEB /* AlarmViewModel.swift in Sources */ = {isa = PBXBuildFile; fileRef = F593C0F02F33C234007F8DEB /* AlarmViewModel.swift */; };
		F593C1272F33C234007F8DEB /* PresetsGrid.swift in Sources */ = {isa = PBXBuildFile; fileRef = F593C10B2F33C234007F8DEB /* PresetsGrid.swift */; };
		F593C1282F33C234007F8DEB /* EventIndicator.swift in Sources */ = {isa = PBXBuildFile; fileRef = F593C0FC2F33C234007F8DEB /* EventIndicator.swift */; };
		F593C1292F33C234007F8DEB /* AppDelegate.swift in Sources */ = {isa = PBXBuildFile; fileRef = F593C0E42F33C234007F8DEB /* AppDelegate.swift */; };
		F593C12B2F33C234007F8DEB /* MonthView.swift in Sources */ = {isa = PBXBuildFile; fileRef = F593C1032F33C234007F8DEB /* MonthView.swift */; };
		F593C12C2F33C234007F8DEB /* GlassBackground.swift in Sources */ = {isa = PBXBuildFile; fileRef = F593C1122F33C234007F8DEB /* GlassBackground.swift */; };
		F593C12D2F33C234007F8DEB /* AddEventView.swift in Sources */ = {isa = PBXBuildFile; fileRef = F593C0FF2F33C234007F8DEB /* AddEventView.swift */; };
		F593C12E2F33C234007F8DEB /* Color+Theme.swift in Sources */ = {isa = PBXBuildFile; fileRef = F593C1162F33C234007F8DEB /* Color+Theme.swift */; };
		F593C12F2F33C234007F8DEB /* Event.swift in Sources */ = {isa = PBXBuildFile; fileRef = F593C0E92F33C234007F8DEB /* Event.swift */; };
		F593C1302F33C234007F8DEB /* Date+Extensions.swift in Sources */ = {isa = PBXBuildFile; fileRef = F593C1172F33C234007F8DEB /* Date+Extensions.swift */; };
		F593C1312F33C234007F8DEB /* AlarmView.swift in Sources */ = {isa = PBXBuildFile; fileRef = F593C0F82F33C234007F8DEB /* AlarmView.swift */; };
		F593C1322F33C234007F8DEB /* DayCell.swift in Sources */ = {isa = PBXBuildFile; fileRef = F593C1012F33C234007F8DEB /* DayCell.swift */; };
		F593C1332F33C234007F8DEB /* TimerViewModel.swift in Sources */ = {isa = PBXBuildFile; fileRef = F593C0F32F33C234007F8DEB /* TimerViewModel.swift */; };
		F593C1342F33C234007F8DEB /* SwipeGestureModifier.swift in Sources */ = {isa = PBXBuildFile; fileRef = F593C0FD2F33C234007F8DEB /* SwipeGestureModifier.swift */; };
		F593C1352F33C234007F8DEB /* TimerSession.swift in Sources */ = {isa = PBXBuildFile; fileRef = F593C0EB2F33C234007F8DEB /* TimerSession.swift */; };
		F593C1362F33C234007F8DEB /* CalendarView.swift in Sources */ = {isa = PBXBuildFile; fileRef = F593C1002F33C234007F8DEB /* CalendarView.swift */; };
		F593C1382F33C234007F8DEB /* TimePicker.swift in Sources */ = {isa = PBXBuildFile; fileRef = F593C0F92F33C234007F8DEB /* TimePicker.swift */; };
		F593C1392F33C234007F8DEB /* TimerPreset.swift in Sources */ = {isa = PBXBuildFile; fileRef = F593C0EA2F33C234007F8DEB /* TimerPreset.swift */; };
		F593C13A2F33C234007F8DEB /* AdaptiveSidebar.swift in Sources */ = {isa = PBXBuildFile; fileRef = F593C1102F33C234007F8DEB /* AdaptiveSidebar.swift */; };
		F593C13B2F33C234007F8DEB /* EventListView.swift in Sources */ = {isa = PBXBuildFile; fileRef = F593C1022F33C234007F8DEB /* EventListView.swift */; };
		F593C13C2F33C234007F8DEB /* TimerDisplay.swift in Sources */ = {isa = PBXBuildFile; fileRef = F593C1072F33C234007F8DEB /* TimerDisplay.swift */; };
		F593C13D2F33C234007F8DEB /* AdaptiveTabBar.swift in Sources */ = {isa = PBXBuildFile; fileRef = F593C1112F33C234007F8DEB /* AdaptiveTabBar.swift */; };
		F593C13F2F33C234007F8DEB /* AudioService.swift in Sources */ = {isa = PBXBuildFile; fileRef = F593C0ED2F33C234007F8DEB /* AudioService.swift */; };
		F593C1402F33C234007F8DEB /* TimerControls.swift in Sources */ = {isa = PBXBuildFile; fileRef = F593C1062F33C234007F8DEB /* TimerControls.swift */; };
		F593C1412F33C234007F8DEB /* AlarmToggle.swift in Sources */ = {isa = PBXBuildFile; fileRef = F593C0F62F33C234007F8DEB /* AlarmToggle.swift */; };
		F593C1422F33C234007F8DEB /* Constants.swift in Sources */ = {isa = PBXBuildFile; fileRef = F593C11A2F33C234007F8DEB /* Constants.swift */; };
		F593C1432F33C234007F8DEB /* GlassButton.swift in Sources */ = {isa = PBXBuildFile; fileRef = F593C1132F33C234007F8DEB /* GlassButton.swift */; };
		F593C1442F33C234007F8DEB /* Alarm.swift in Sources */ = {isa = PBXBuildFile; fileRef = F593C0E82F33C234007F8DEB /* Alarm.swift */; };
		F593C1452F33C234007F8DEB /* EventViewModel.swift in Sources */ = {isa = PBXBuildFile; fileRef = F593C0F22F33C234007F8DEB /* EventViewModel.swift */; };
		F593C1502F33C31D007F8DEB /* WidgetKit.framework in Frameworks */ = {isa = PBXBuildFile; fileRef = F593C14F2F33C31D007F8DEB /* WidgetKit.framework */; };
		F593C1522F33C31D007F8DEB /* SwiftUI.framework in Frameworks */ = {isa = PBXBuildFile; fileRef = F593C1512F33C31D007F8DEB /* SwiftUI.framework */; };
		F593C1632F33C31F007F8DEB /* CalendarWidgetExtension.appex in Embed Foundation Extensions */ = {isa = PBXBuildFile; fileRef = F593C14D2F33C31D007F8DEB /* CalendarWidgetExtension.appex */; settings = {ATTRIBUTES = (RemoveHeadersOnCopy, ); }; };
		F593C1CC2F33C57E007F8DEB /* AppState.swift in Sources */ = {isa = PBXBuildFile; fileRef = F593C1CA2F33C57E007F8DEB /* AppState.swift */; };
		F5968AA92F3CED2800F50183 /* WeatherModel.swift in Sources */ = {isa = PBXBuildFile; fileRef = F5968AA82F3CED2800F50183 /* WeatherModel.swift */; };
		F5968AAB2F3CED3000F50183 /* WeatherService.swift in Sources */ = {isa = PBXBuildFile; fileRef = F5968AAA2F3CED3000F50183 /* WeatherService.swift */; };
		F5968AB12F3CED4700F50183 /* WeatherView.swift in Sources */ = {isa = PBXBuildFile; fileRef = F5968AAE2F3CED4700F50183 /* WeatherView.swift */; };
		F5968AB22F3CED4700F50183 /* WeatherViewModel.swift in Sources */ = {isa = PBXBuildFile; fileRef = F5968AAC2F3CED4700F50183 /* WeatherViewModel.swift */; };
		F5A1B0012F4E0001007F8DEB /* HolidayService.swift in Sources */ = {isa = PBXBuildFile; fileRef = F5A1B0002F4E0001007F8DEB /* HolidayService.swift */; };
		F5A1B0032F4E0002007F8DEB /* HolidayCountryPicker.swift in Sources */ = {isa = PBXBuildFile; fileRef = F5A1B0022F4E0002007F8DEB /* HolidayCountryPicker.swift */; };
		F5A1B0052F4E0003007F8DEB /* EventDetailPopover.swift in Sources */ = {isa = PBXBuildFile; fileRef = F5A1B0042F4E0003007F8DEB /* EventDetailPopover.swift */; };
		F5A1B0072F4E0004007F8DEB /* Typography.swift in Sources */ = {isa = PBXBuildFile; fileRef = F5A1B0062F4E0004007F8DEB /* Typography.swift */; };
		F5A1B0092F4E0005007F8DEB /* Spacing.swift in Sources */ = {isa = PBXBuildFile; fileRef = F5A1B0082F4E0005007F8DEB /* Spacing.swift */; };
		F5A1B00B2F4E0006007F8DEB /* StatusBadge.swift in Sources */ = {isa = PBXBuildFile; fileRef = F5A1B00A2F4E0006007F8DEB /* StatusBadge.swift */; };
		F5A1B00D2F4E0007007F8DEB /* Expense.swift in Sources */ = {isa = PBXBuildFile; fileRef = F5A1B00C2F4E0007007F8DEB /* Expense.swift */; };
		F5A1B00F2F4E0008007F8DEB /* ExpenseCategory.swift in Sources */ = {isa = PBXBuildFile; fileRef = F5A1B00E2F4E0008007F8DEB /* ExpenseCategory.swift */; };
		F5A1B0112F4E0009007F8DEB /* ExpenseViewModel.swift in Sources */ = {isa = PBXBuildFile; fileRef = F5A1B0102F4E0009007F8DEB /* ExpenseViewModel.swift */; };
		F5A1B0132F4E000A007F8DEB /* ExpensesView.swift in Sources */ = {isa = PBXBuildFile; fileRef = F5A1B0122F4E000A007F8DEB /* ExpensesView.swift */; };
		F5A1B0152F4E000B007F8DEB /* AddExpenseSheet.swift in Sources */ = {isa = PBXBuildFile; fileRef = F5A1B0142F4E000B007F8DEB /* AddExpenseSheet.swift */; };
		F5A1B0172F4E000C007F8DEB /* ExpenseRow.swift in Sources */ = {isa = PBXBuildFile; fileRef = F5A1B0162F4E000C007F8DEB /* ExpenseRow.swift */; };
		F5A1B0192F4E000D007F8DEB /* ClockView.swift in Sources */ = {isa = PBXBuildFile; fileRef = F5A1B0182F4E000D007F8DEB /* ClockView.swift */; };
		F5A1B01B2F4E000E007F8DEB /* CalendarListView.swift in Sources */ = {isa = PBXBuildFile; fileRef = F5A1B01A2F4E000E007F8DEB /* CalendarListView.swift */; };
		F5A1B01D2F4E000F007F8DEB /* CalendarTimelineView.swift in Sources */ = {isa = PBXBuildFile; fileRef = F5A1B01C2F4E000F007F8DEB /* CalendarTimelineView.swift */; };
		F5A1B01F2F4E0010007F8DEB /* WeekStrip.swift in Sources */ = {isa = PBXBuildFile; fileRef = F5A1B01E2F4E0010007F8DEB /* WeekStrip.swift */; };
		F5A362D22F40875300030163 /* CSVImportSession.swift in Sources */ = {isa = PBXBuildFile; fileRef = F5A362D02F40875300030163 /* CSVImportSession.swift */; };
		F5A362D32F40875300030163 /* RecurringExpenseTemplate.swift in Sources */ = {isa = PBXBuildFile; fileRef = F5A362D12F40875300030163 /* RecurringExpenseTemplate.swift */; };
		F5A362D72F40876200030163 /* CSVImportService.swift in Sources */ = {isa = PBXBuildFile; fileRef = F5A362D42F40876200030163 /* CSVImportService.swift */; };
		F5A362D82F40876200030163 /* PatternDetectionService.swift in Sources */ = {isa = PBXBuildFile; fileRef = F5A362D52F40876200030163 /* PatternDetectionService.swift */; };
		F5A362D92F40876200030163 /* RecurringExpenseService.swift in Sources */ = {isa = PBXBuildFile; fileRef = F5A362D62F40876200030163 /* RecurringExpenseService.swift */; };
		F5A362DB2F40877700030163 /* CSVParser.swift in Sources */ = {isa = PBXBuildFile; fileRef = F5A362DA2F40877700030163 /* CSVParser.swift */; };
		F5A362DF2F40878700030163 /* BudgetView.swift in Sources */ = {isa = PBXBuildFile; fileRef = F5A362DC2F40878700030163 /* BudgetView.swift */; };
		F5A362E02F40878700030163 /* CSVImportView.swift in Sources */ = {isa = PBXBuildFile; fileRef = F5A362DD2F40878700030163 /* CSVImportView.swift */; };
		F5A362E12F40878700030163 /* InsightsView.swift in Sources */ = {isa = PBXBuildFile; fileRef = F5A362DE2F40878700030163 /* InsightsView.swift */; };
		F5A362E32F40879300030163 /* TemplateSuggestionCard.swift in Sources */ = {isa = PBXBuildFile; fileRef = F5A362E22F40879300030163 /* TemplateSuggestionCard.swift */; };
		F5A362E52F408C6600030163 /* AddTemplateSheet.swift in Sources */ = {isa = PBXBuildFile; fileRef = F5A362E42F408C6600030163 /* AddTemplateSheet.swift */; };
		F5A362E72F4091E700030163 /* EditTemplateSheet.swift in Sources */ = {isa = PBXBuildFile; fileRef = F5A362E62F4091E700030163 /* EditTemplateSheet.swift */; };
		F5B897C02F54A7610027C977 /* EventOccurrence.swift in Sources */ = {isa = PBXBuildFile; fileRef = F5B897BF2F54A7610027C977 /* EventOccurrence.swift */; };
		F5B897C22F54A76D0027C977 /* EventRecurrenceService.swift in Sources */ = {isa = PBXBuildFile; fileRef = F5B897C12F54A76D0027C977 /* EventRecurrenceService.swift */; };
		F5B897C82F54A7820027C977 /* WidgetSyncTests.swift in Sources */ = {isa = PBXBuildFile; fileRef = F5B897C72F54A7820027C977 /* WidgetSyncTests.swift */; };
		F5B897C92F54A7820027C977 /* EventRecurrenceTests.swift in Sources */ = {isa = PBXBuildFile; fileRef = F5B897C32F54A7820027C977 /* EventRecurrenceTests.swift */; };
		F5B897CA2F54A7820027C977 /* ExpenseConversionTests.swift in Sources */ = {isa = PBXBuildFile; fileRef = F5B897C42F54A7820027C977 /* ExpenseConversionTests.swift */; };
		F5B897CB2F54A7820027C977 /* ForbiddenPatternsTests.swift in Sources */ = {isa = PBXBuildFile; fileRef = F5B897C52F54A7820027C977 /* ForbiddenPatternsTests.swift */; };
		F5B897CC2F54A7820027C977 /* RecurringExpenseTests.swift in Sources */ = {isa = PBXBuildFile; fileRef = F5B897C62F54A7820027C977 /* RecurringExpenseTests.swift */; };
		F5BCFC992F34C45D0025B2E6 /* DebugView.swift in Sources */ = {isa = PBXBuildFile; fileRef = F5BCFC972F34C45D0025B2E6 /* DebugView.swift */; };
		F5BCFC9A2F34C45D0025B2E6 /* DebugSettings.swift in Sources */ = {isa = PBXBuildFile; fileRef = F5BCFC962F34C45D0025B2E6 /* DebugSettings.swift */; };
		F5D65F462F4212F6004F7A39 /* StartupManager.swift in Sources */ = {isa = PBXBuildFile; fileRef = F5D65F452F4212F6004F7A39 /* StartupManager.swift */; };
		F5D65F482F42130D004F7A39 /* SplashView.swift in Sources */ = {isa = PBXBuildFile; fileRef = F5D65F472F42130D004F7A39 /* SplashView.swift */; };
		F5D65F582F421409004F7A39 /* XCTest.framework in Frameworks */ = {isa = PBXBuildFile; fileRef = F5D65F572F421409004F7A39 /* XCTest.framework */; platformFilter = ios; };
		F5D65F5C2F42147B004F7A39 /* StartupManagerTests.swift in Sources */ = {isa = PBXBuildFile; fileRef = F5D65F4A2F4213D0004F7A39 /* StartupManagerTests.swift */; };
		F5D65F5D2F421480004F7A39 /* TodoCategoryTests.swift in Sources */ = {isa = PBXBuildFile; fileRef = F5D65F4B2F4213D0004F7A39 /* TodoCategoryTests.swift */; };
		F5D65F5E2F421484004F7A39 /* CalendarTests.swift in Sources */ = {isa = PBXBuildFile; fileRef = F5D65F492F4213D0004F7A39 /* CalendarTests.swift */; };
		F5D65F5F2F421488004F7A39 /* CalendarUITests.swift in Sources */ = {isa = PBXBuildFile; fileRef = F5D65F4D2F4213D0004F7A39 /* CalendarUITests.swift */; };
		F5D65F602F42148C004F7A39 /* CalendarUITestsLaunchTests.swift in Sources */ = {isa = PBXBuildFile; fileRef = F5D65F4E2F4213D0004F7A39 /* CalendarUITestsLaunchTests.swift */; };
		F5D65F612F421490004F7A39 /* StartupUITests.swift in Sources */ = {isa = PBXBuildFile; fileRef = F5D65F4F2F4213D0004F7A39 /* StartupUITests.swift */; };
		F5D65F622F421498004F7A39 /* XCTest.framework in Frameworks */ = {isa = PBXBuildFile; fileRef = F5D65F572F421409004F7A39 /* XCTest.framework */; platformFilter = ios; };
		F5D65F662F42236D004F7A39 /* Logging.swift in Sources */ = {isa = PBXBuildFile; fileRef = F5D65F652F42236D004F7A39 /* Logging.swift */; };
		F5E000102F50000100AA0001 /* BudgetLimit.swift in Sources */ = {isa = PBXBuildFile; fileRef = F5E000012F50000100AA0001 /* BudgetLimit.swift */; };
		F5E000112F50000100AA0001 /* CashflowForecastCache.swift in Sources */ = {isa = PBXBuildFile; fileRef = F5E000022F50000100AA0001 /* CashflowForecastCache.swift */; };
		F5E000122F50000100AA0001 /* DuplicateSuggestion.swift in Sources */ = {isa = PBXBuildFile; fileRef = F5E000032F50000100AA0001 /* DuplicateSuggestion.swift */; };
		F5E000132F50000100AA0001 /* FXRate.swift in Sources */ = {isa = PBXBuildFile; fileRef = F5E000042F50000100AA0001 /* FXRate.swift */; };
		F5E000142F50000100AA0001 /* BudgetService.swift in Sources */ = {isa = PBXBuildFile; fileRef = F5E000052F50000100AA0001 /* BudgetService.swift */; };
		F5E000152F50000100AA0001 /* DuplicateDetectionService.swift in Sources */ = {isa = PBXBuildFile; fileRef = F5E000062F50000100AA0001 /* DuplicateDetectionService.swift */; };
		F5E000162F50000100AA0001 /* FXRateService.swift in Sources */ = {isa = PBXBuildFile; fileRef = F5E000072F50000100AA0001 /* FXRateService.swift */; };
		F5E000172F50000100AA0001 /* FXRateStore.swift in Sources */ = {isa = PBXBuildFile; fileRef = F5E000082F50000100AA0001 /* FXRateStore.swift */; };
		F5E000182F50000100AA0001 /* ForecastService.swift in Sources */ = {isa = PBXBuildFile; fileRef = F5E000092F50000100AA0001 /* ForecastService.swift */; };
		F5E000192F50000100AA0001 /* ForecastView.swift in Sources */ = {isa = PBXBuildFile; fileRef = F5E0000A2F50000100AA0001 /* ForecastView.swift */; };
		F5E0001A2F50000100AA0001 /* BudgetServiceTests.swift in Sources */ = {isa = PBXBuildFile; fileRef = F5E0000B2F50000100AA0001 /* BudgetServiceTests.swift */; };
		F5E0001B2F50000100AA0001 /* DuplicateDetectionServiceTests.swift in Sources */ = {isa = PBXBuildFile; fileRef = F5E0000C2F50000100AA0001 /* DuplicateDetectionServiceTests.swift */; };
		F5E0001C2F50000100AA0001 /* FXRateServiceTests.swift in Sources */ = {isa = PBXBuildFile; fileRef = F5E0000D2F50000100AA0001 /* FXRateServiceTests.swift */; };
		F5E0001D2F50000100AA0001 /* ForecastServiceTests.swift in Sources */ = {isa = PBXBuildFile; fileRef = F5E0000E2F50000100AA0001 /* ForecastServiceTests.swift */; };
/* End PBXBuildFile section */

/* Begin PBXContainerItemProxy section */
		F593BFEA2F33B92A007F8DEB /* PBXContainerItemProxy */ = {
			isa = PBXContainerItemProxy;
			containerPortal = F593BFD42F33B928007F8DEB /* Project object */;
			proxyType = 1;
			remoteGlobalIDString = F593BFDB2F33B928007F8DEB;
			remoteInfo = Calendar;
		};
		F593BFF42F33B92A007F8DEB /* PBXContainerItemProxy */ = {
			isa = PBXContainerItemProxy;
			containerPortal = F593BFD42F33B928007F8DEB /* Project object */;
			proxyType = 1;
			remoteGlobalIDString = F593BFDB2F33B928007F8DEB;
			remoteInfo = Calendar;
		};
		F593C1612F33C31F007F8DEB /* PBXContainerItemProxy */ = {
			isa = PBXContainerItemProxy;
			containerPortal = F593BFD42F33B928007F8DEB /* Project object */;
			proxyType = 1;
			remoteGlobalIDString = F593C14C2F33C31D007F8DEB;
			remoteInfo = CalendarWidgetExtension;
		};
/* End PBXContainerItemProxy section */

/* Begin PBXCopyFilesBuildPhase section */
		F593C1682F33C31F007F8DEB /* Embed Foundation Extensions */ = {
			isa = PBXCopyFilesBuildPhase;
			buildActionMask = 2147483647;
			dstPath = "";
			dstSubfolderSpec = 13;
			files = (
				F593C1632F33C31F007F8DEB /* CalendarWidgetExtension.appex in Embed Foundation Extensions */,
			);
			name = "Embed Foundation Extensions";
			runOnlyForDeploymentPostprocessing = 0;
		};
/* End PBXCopyFilesBuildPhase section */

/* Begin PBXFileReference section */
		F50CBAD22F3F8F9D007685D6 /* DesignComponents.swift */ = {isa = PBXFileReference; lastKnownFileType = sourcecode.swift; path = DesignComponents.swift; sourceTree = "<group>"; };
		F50CBAD32F3F8F9D007685D6 /* FloatingTabBar.swift */ = {isa = PBXFileReference; lastKnownFileType = sourcecode.swift; path = FloatingTabBar.swift; sourceTree = "<group>"; };
		F51A59232F34AFB20006E307 /* MonthYearPicker.swift */ = {isa = PBXFileReference; lastKnownFileType = sourcecode.swift; path = MonthYearPicker.swift; sourceTree = "<group>"; };
		F51F1B412F3BD12F007A3F3E /* ErrorPresenter.swift */ = {isa = PBXFileReference; lastKnownFileType = sourcecode.swift; path = ErrorPresenter.swift; sourceTree = "<group>"; };
		F51F1B432F3BD2D6007A3F3E /* ErrorNotifications.swift */ = {isa = PBXFileReference; lastKnownFileType = sourcecode.swift; path = ErrorNotifications.swift; sourceTree = "<group>"; };
		F51F1B452F3BD2FA007A3F3E /* FloatingErrorView.swift */ = {isa = PBXFileReference; lastKnownFileType = sourcecode.swift; path = FloatingErrorView.swift; sourceTree = "<group>"; };
		F51F1B472F3BD304007A3F3E /* GlassCard.swift */ = {isa = PBXFileReference; lastKnownFileType = sourcecode.swift; path = GlassCard.swift; sourceTree = "<group>"; };
		F554EFE42F34F4AA008B6601 /* TodoCategory.swift */ = {isa = PBXFileReference; lastKnownFileType = sourcecode.swift; name = TodoCategory.swift; path = Calendar/Core/Models/TodoCategory.swift; sourceTree = SOURCE_ROOT; };
		F554EFE52F34F4AA008B6601 /* TodoItem.swift */ = {isa = PBXFileReference; lastKnownFileType = sourcecode.swift; name = TodoItem.swift; path = Calendar/Core/Models/TodoItem.swift; sourceTree = SOURCE_ROOT; };
		F554EFE82F34F4C8008B6601 /* TodoViewModel.swift */ = {isa = PBXFileReference; lastKnownFileType = sourcecode.swift; name = TodoViewModel.swift; path = Calendar/Core/ViewModels/TodoViewModel.swift; sourceTree = SOURCE_ROOT; };
		F554EFEA2F34F4DF008B6601 /* PriorityBadge.swift */ = {isa = PBXFileReference; lastKnownFileType = sourcecode.swift; path = PriorityBadge.swift; sourceTree = "<group>"; };
		F554EFEB2F34F4DF008B6601 /* RecurrencePicker.swift */ = {isa = PBXFileReference; lastKnownFileType = sourcecode.swift; path = RecurrencePicker.swift; sourceTree = "<group>"; };
		F554EFEC2F34F4DF008B6601 /* SubtaskRow.swift */ = {isa = PBXFileReference; lastKnownFileType = sourcecode.swift; path = SubtaskRow.swift; sourceTree = "<group>"; };
		F554EFED2F34F4DF008B6601 /* TodoCheckbox.swift */ = {isa = PBXFileReference; lastKnownFileType = sourcecode.swift; path = TodoCheckbox.swift; sourceTree = "<group>"; };
		F554EFEF2F34F4DF008B6601 /* AddCategorySheet.swift */ = {isa = PBXFileReference; lastKnownFileType = sourcecode.swift; path = AddCategorySheet.swift; sourceTree = "<group>"; };
		F554EFF02F34F4DF008B6601 /* AddTodoSheet.swift */ = {isa = PBXFileReference; lastKnownFileType = sourcecode.swift; path = AddTodoSheet.swift; sourceTree = "<group>"; };
		F554EFF12F34F4DF008B6601 /* CategoryCard.swift */ = {isa = PBXFileReference; lastKnownFileType = sourcecode.swift; path = CategoryCard.swift; sourceTree = "<group>"; };
		F554EFF22F34F4DF008B6601 /* TodoRow.swift */ = {isa = PBXFileReference; lastKnownFileType = sourcecode.swift; path = TodoRow.swift; sourceTree = "<group>"; };
		F554EFF32F34F4DF008B6601 /* TodoView.swift */ = {isa = PBXFileReference; lastKnownFileType = sourcecode.swift; path = TodoView.swift; sourceTree = "<group>"; };
		F554EFFF2F34F99C008B6601 /* TopBarView.swift */ = {isa = PBXFileReference; lastKnownFileType = sourcecode.swift; path = TopBarView.swift; sourceTree = "<group>"; };
		F554F0012F34F9AE008B6601 /* SideSheetModifier.swift */ = {isa = PBXFileReference; lastKnownFileType = sourcecode.swift; path = SideSheetModifier.swift; sourceTree = "<group>"; };
		F554F0032F34F9E6008B6601 /* SettingsSheet.swift */ = {isa = PBXFileReference; lastKnownFileType = sourcecode.swift; path = SettingsSheet.swift; sourceTree = "<group>"; };
		F556A0252F33C9E70071D8B8 /* CalendarTests.xctest */ = {isa = PBXFileReference; explicitFileType = wrapper.cfbundle; includeInIndex = 0; path = CalendarTests.xctest; sourceTree = BUILT_PRODUCTS_DIR; };
		F556A0262F33C9E70071D8B8 /* CalendarUITests.xctest */ = {isa = PBXFileReference; explicitFileType = wrapper.cfbundle; includeInIndex = 0; path = CalendarUITests.xctest; sourceTree = BUILT_PRODUCTS_DIR; };
		F556A0352F33CD160071D8B8 /* NotFoundView.swift */ = {isa = PBXFileReference; lastKnownFileType = sourcecode.swift; name = NotFoundView.swift; path = Calendar/Shared/Components/NotFoundView.swift; sourceTree = SOURCE_ROOT; };
		F556A0532F33F0BD0071D8B8 /* Localization.swift */ = {isa = PBXFileReference; lastKnownFileType = sourcecode.swift; path = Localization.swift; sourceTree = "<group>"; };
		F57A615D2F55A9090073E676 /* MonobankModels.swift */ = {isa = PBXFileReference; lastKnownFileType = sourcecode.swift; path = MonobankModels.swift; sourceTree = "<group>"; };
		F57A615F2F55A9140073E676 /* MonobankKeychainStore.swift */ = {isa = PBXFileReference; lastKnownFileType = sourcecode.swift; path = MonobankKeychainStore.swift; sourceTree = "<group>"; };
		F57A61602F55A9140073E676 /* MonobankSyncService.swift */ = {isa = PBXFileReference; lastKnownFileType = sourcecode.swift; path = MonobankSyncService.swift; sourceTree = "<group>"; };
		F57A61632F55A9230073E676 /* MonobankProjectionMapperTests.swift */ = {isa = PBXFileReference; lastKnownFileType = sourcecode.swift; path = MonobankProjectionMapperTests.swift; sourceTree = "<group>"; };
		F57A61642F55A9230073E676 /* MonobankWidgetBalanceSyncTests.swift */ = {isa = PBXFileReference; lastKnownFileType = sourcecode.swift; path = MonobankWidgetBalanceSyncTests.swift; sourceTree = "<group>"; };
		F593C0E42F33C234007F8DEB /* AppDelegate.swift */ = {isa = PBXFileReference; lastKnownFileType = sourcecode.swift; name = AppDelegate.swift; path = Calendar/AppDelegate.swift; sourceTree = "<group>"; };
		F593C0E62F33C234007F8DEB /* Assets.xcassets */ = {isa = PBXFileReference; lastKnownFileType = folder.assetcatalog; name = Assets.xcassets; path = Calendar/Assets.xcassets; sourceTree = "<group>"; };
		F593C0E72F33C234007F8DEB /* CalendarApp.swift */ = {isa = PBXFileReference; lastKnownFileType = sourcecode.swift; name = CalendarApp.swift; path = Calendar/CalendarApp.swift; sourceTree = "<group>"; };
		F593C0E82F33C234007F8DEB /* Alarm.swift */ = {isa = PBXFileReference; lastKnownFileType = sourcecode.swift; path = Alarm.swift; sourceTree = "<group>"; };
		F593C0E92F33C234007F8DEB /* Event.swift */ = {isa = PBXFileReference; lastKnownFileType = sourcecode.swift; path = Event.swift; sourceTree = "<group>"; };
		F593C0EA2F33C234007F8DEB /* TimerPreset.swift */ = {isa = PBXFileReference; lastKnownFileType = sourcecode.swift; path = TimerPreset.swift; sourceTree = "<group>"; };
		F593C0EB2F33C234007F8DEB /* TimerSession.swift */ = {isa = PBXFileReference; lastKnownFileType = sourcecode.swift; path = TimerSession.swift; sourceTree = "<group>"; };
		F593C0ED2F33C234007F8DEB /* AudioService.swift */ = {isa = PBXFileReference; lastKnownFileType = sourcecode.swift; path = AudioService.swift; sourceTree = "<group>"; };
		F593C0EE2F33C234007F8DEB /* NotificationService.swift */ = {isa = PBXFileReference; lastKnownFileType = sourcecode.swift; path = NotificationService.swift; sourceTree = "<group>"; };
		F593C0F02F33C234007F8DEB /* AlarmViewModel.swift */ = {isa = PBXFileReference; lastKnownFileType = sourcecode.swift; path = AlarmViewModel.swift; sourceTree = "<group>"; };
		F593C0F12F33C234007F8DEB /* CalendarViewModel.swift */ = {isa = PBXFileReference; lastKnownFileType = sourcecode.swift; path = CalendarViewModel.swift; sourceTree = "<group>"; };
		F593C0F22F33C234007F8DEB /* EventViewModel.swift */ = {isa = PBXFileReference; lastKnownFileType = sourcecode.swift; path = EventViewModel.swift; sourceTree = "<group>"; };
		F593C0F32F33C234007F8DEB /* TimerViewModel.swift */ = {isa = PBXFileReference; lastKnownFileType = sourcecode.swift; path = TimerViewModel.swift; sourceTree = "<group>"; };
		F593C0F62F33C234007F8DEB /* AlarmToggle.swift */ = {isa = PBXFileReference; lastKnownFileType = sourcecode.swift; path = AlarmToggle.swift; sourceTree = "<group>"; };
		F593C0F82F33C234007F8DEB /* AlarmView.swift */ = {isa = PBXFileReference; lastKnownFileType = sourcecode.swift; path = AlarmView.swift; sourceTree = "<group>"; };
		F593C0F92F33C234007F8DEB /* TimePicker.swift */ = {isa = PBXFileReference; lastKnownFileType = sourcecode.swift; path = TimePicker.swift; sourceTree = "<group>"; };
		F593C0FC2F33C234007F8DEB /* EventIndicator.swift */ = {isa = PBXFileReference; lastKnownFileType = sourcecode.swift; path = EventIndicator.swift; sourceTree = "<group>"; };
		F593C0FD2F33C234007F8DEB /* SwipeGestureModifier.swift */ = {isa = PBXFileReference; lastKnownFileType = sourcecode.swift; path = SwipeGestureModifier.swift; sourceTree = "<group>"; };
		F593C0FF2F33C234007F8DEB /* AddEventView.swift */ = {isa = PBXFileReference; lastKnownFileType = sourcecode.swift; path = AddEventView.swift; sourceTree = "<group>"; };
		F593C1002F33C234007F8DEB /* CalendarView.swift */ = {isa = PBXFileReference; lastKnownFileType = sourcecode.swift; path = CalendarView.swift; sourceTree = "<group>"; };
		F593C1012F33C234007F8DEB /* DayCell.swift */ = {isa = PBXFileReference; lastKnownFileType = sourcecode.swift; path = DayCell.swift; sourceTree = "<group>"; };
		F593C1022F33C234007F8DEB /* EventListView.swift */ = {isa = PBXFileReference; lastKnownFileType = sourcecode.swift; path = EventListView.swift; sourceTree = "<group>"; };
		F593C1032F33C234007F8DEB /* MonthView.swift */ = {isa = PBXFileReference; lastKnownFileType = sourcecode.swift; path = MonthView.swift; sourceTree = "<group>"; };
		F593C1062F33C234007F8DEB /* TimerControls.swift */ = {isa = PBXFileReference; lastKnownFileType = sourcecode.swift; path = TimerControls.swift; sourceTree = "<group>"; };
		F593C1072F33C234007F8DEB /* TimerDisplay.swift */ = {isa = PBXFileReference; lastKnownFileType = sourcecode.swift; path = TimerDisplay.swift; sourceTree = "<group>"; };
		F593C1092F33C234007F8DEB /* CountdownView.swift */ = {isa = PBXFileReference; lastKnownFileType = sourcecode.swift; path = CountdownView.swift; sourceTree = "<group>"; };
		F593C10B2F33C234007F8DEB /* PresetsGrid.swift */ = {isa = PBXFileReference; lastKnownFileType = sourcecode.swift; path = PresetsGrid.swift; sourceTree = "<group>"; };
		F593C10C2F33C234007F8DEB /* TimerView.swift */ = {isa = PBXFileReference; lastKnownFileType = sourcecode.swift; path = TimerView.swift; sourceTree = "<group>"; };
		F593C1102F33C234007F8DEB /* AdaptiveSidebar.swift */ = {isa = PBXFileReference; lastKnownFileType = sourcecode.swift; path = AdaptiveSidebar.swift; sourceTree = "<group>"; };
		F593C1112F33C234007F8DEB /* AdaptiveTabBar.swift */ = {isa = PBXFileReference; lastKnownFileType = sourcecode.swift; path = AdaptiveTabBar.swift; sourceTree = "<group>"; };
		F593C1122F33C234007F8DEB /* GlassBackground.swift */ = {isa = PBXFileReference; lastKnownFileType = sourcecode.swift; path = GlassBackground.swift; sourceTree = "<group>"; };
		F593C1132F33C234007F8DEB /* GlassButton.swift */ = {isa = PBXFileReference; lastKnownFileType = sourcecode.swift; path = GlassButton.swift; sourceTree = "<group>"; };
		F593C1162F33C234007F8DEB /* Color+Theme.swift */ = {isa = PBXFileReference; lastKnownFileType = sourcecode.swift; path = "Color+Theme.swift"; sourceTree = "<group>"; };
		F593C1172F33C234007F8DEB /* Date+Extensions.swift */ = {isa = PBXFileReference; lastKnownFileType = sourcecode.swift; path = "Date+Extensions.swift"; sourceTree = "<group>"; };
		F593C1182F33C234007F8DEB /* View+Glass.swift */ = {isa = PBXFileReference; lastKnownFileType = sourcecode.swift; path = "View+Glass.swift"; sourceTree = "<group>"; };
		F593C11A2F33C234007F8DEB /* Constants.swift */ = {isa = PBXFileReference; lastKnownFileType = sourcecode.swift; path = Constants.swift; sourceTree = "<group>"; };
		F593C11B2F33C234007F8DEB /* Formatters.swift */ = {isa = PBXFileReference; lastKnownFileType = sourcecode.swift; path = Formatters.swift; sourceTree = "<group>"; };
		F593C1462F33C290007F8DEB /* Calendar.entitlements */ = {isa = PBXFileReference; lastKnownFileType = text.plist.entitlements; name = Calendar.entitlements; path = Calendar/Calendar.entitlements; sourceTree = "<group>"; };
		F593C1472F33C290007F8DEB /* Calendar.app */ = {isa = PBXFileReference; explicitFileType = wrapper.application; includeInIndex = 0; path = Calendar.app; sourceTree = BUILT_PRODUCTS_DIR; };
		F593C1482F33C2B3007F8DEB /* Info.plist */ = {isa = PBXFileReference; lastKnownFileType = text.plist; name = Info.plist; path = Calendar/Info.plist; sourceTree = "<group>"; };
		F593C14D2F33C31D007F8DEB /* CalendarWidgetExtension.appex */ = {isa = PBXFileReference; explicitFileType = "wrapper.app-extension"; includeInIndex = 0; path = CalendarWidgetExtension.appex; sourceTree = BUILT_PRODUCTS_DIR; };
		F593C14F2F33C31D007F8DEB /* WidgetKit.framework */ = {isa = PBXFileReference; lastKnownFileType = wrapper.framework; name = WidgetKit.framework; path = System/Library/Frameworks/WidgetKit.framework; sourceTree = SDKROOT; };
		F593C1512F33C31D007F8DEB /* SwiftUI.framework */ = {isa = PBXFileReference; lastKnownFileType = wrapper.framework; name = SwiftUI.framework; path = System/Library/Frameworks/SwiftUI.framework; sourceTree = SDKROOT; };
		F593C1692F33C32E007F8DEB /* CalendarWidgetExtension.entitlements */ = {isa = PBXFileReference; lastKnownFileType = text.plist.entitlements; path = CalendarWidgetExtension.entitlements; sourceTree = "<group>"; };
		F593C1CA2F33C57E007F8DEB /* AppState.swift */ = {isa = PBXFileReference; lastKnownFileType = sourcecode.swift; path = AppState.swift; sourceTree = "<group>"; };
		F5968AA82F3CED2800F50183 /* WeatherModel.swift */ = {isa = PBXFileReference; lastKnownFileType = sourcecode.swift; path = WeatherModel.swift; sourceTree = "<group>"; };
		F5968AAA2F3CED3000F50183 /* WeatherService.swift */ = {isa = PBXFileReference; lastKnownFileType = sourcecode.swift; path = WeatherService.swift; sourceTree = "<group>"; };
		F5968AAC2F3CED4700F50183 /* WeatherViewModel.swift */ = {isa = PBXFileReference; lastKnownFileType = sourcecode.swift; path = WeatherViewModel.swift; sourceTree = "<group>"; };
		F5968AAE2F3CED4700F50183 /* WeatherView.swift */ = {isa = PBXFileReference; lastKnownFileType = sourcecode.swift; path = WeatherView.swift; sourceTree = "<group>"; };
		F5A1B0002F4E0001007F8DEB /* HolidayService.swift */ = {isa = PBXFileReference; lastKnownFileType = sourcecode.swift; path = HolidayService.swift; sourceTree = "<group>"; };
		F5A1B0022F4E0002007F8DEB /* HolidayCountryPicker.swift */ = {isa = PBXFileReference; lastKnownFileType = sourcecode.swift; path = HolidayCountryPicker.swift; sourceTree = "<group>"; };
		F5A1B0042F4E0003007F8DEB /* EventDetailPopover.swift */ = {isa = PBXFileReference; lastKnownFileType = sourcecode.swift; path = EventDetailPopover.swift; sourceTree = "<group>"; };
		F5A1B0062F4E0004007F8DEB /* Typography.swift */ = {isa = PBXFileReference; lastKnownFileType = sourcecode.swift; path = Typography.swift; sourceTree = "<group>"; };
		F5A1B0082F4E0005007F8DEB /* Spacing.swift */ = {isa = PBXFileReference; lastKnownFileType = sourcecode.swift; path = Spacing.swift; sourceTree = "<group>"; };
		F5A1B00A2F4E0006007F8DEB /* StatusBadge.swift */ = {isa = PBXFileReference; lastKnownFileType = sourcecode.swift; path = StatusBadge.swift; sourceTree = "<group>"; };
		F5A1B00C2F4E0007007F8DEB /* Expense.swift */ = {isa = PBXFileReference; lastKnownFileType = sourcecode.swift; path = Expense.swift; sourceTree = "<group>"; };
		F5A1B00E2F4E0008007F8DEB /* ExpenseCategory.swift */ = {isa = PBXFileReference; lastKnownFileType = sourcecode.swift; path = ExpenseCategory.swift; sourceTree = "<group>"; };
		F5A1B0102F4E0009007F8DEB /* ExpenseViewModel.swift */ = {isa = PBXFileReference; lastKnownFileType = sourcecode.swift; path = ExpenseViewModel.swift; sourceTree = "<group>"; };
		F5A1B0122F4E000A007F8DEB /* ExpensesView.swift */ = {isa = PBXFileReference; lastKnownFileType = sourcecode.swift; path = ExpensesView.swift; sourceTree = "<group>"; };
		F5A1B0142F4E000B007F8DEB /* AddExpenseSheet.swift */ = {isa = PBXFileReference; lastKnownFileType = sourcecode.swift; path = AddExpenseSheet.swift; sourceTree = "<group>"; };
		F5A1B0162F4E000C007F8DEB /* ExpenseRow.swift */ = {isa = PBXFileReference; lastKnownFileType = sourcecode.swift; path = ExpenseRow.swift; sourceTree = "<group>"; };
		F5A1B0182F4E000D007F8DEB /* ClockView.swift */ = {isa = PBXFileReference; lastKnownFileType = sourcecode.swift; path = ClockView.swift; sourceTree = "<group>"; };
		F5A1B01A2F4E000E007F8DEB /* CalendarListView.swift */ = {isa = PBXFileReference; lastKnownFileType = sourcecode.swift; path = CalendarListView.swift; sourceTree = "<group>"; };
		F5A1B01C2F4E000F007F8DEB /* CalendarTimelineView.swift */ = {isa = PBXFileReference; lastKnownFileType = sourcecode.swift; path = CalendarTimelineView.swift; sourceTree = "<group>"; };
		F5A1B01E2F4E0010007F8DEB /* WeekStrip.swift */ = {isa = PBXFileReference; lastKnownFileType = sourcecode.swift; path = WeekStrip.swift; sourceTree = "<group>"; };
		F5A362D02F40875300030163 /* CSVImportSession.swift */ = {isa = PBXFileReference; lastKnownFileType = sourcecode.swift; path = CSVImportSession.swift; sourceTree = "<group>"; };
		F5A362D12F40875300030163 /* RecurringExpenseTemplate.swift */ = {isa = PBXFileReference; lastKnownFileType = sourcecode.swift; path = RecurringExpenseTemplate.swift; sourceTree = "<group>"; };
		F5A362D42F40876200030163 /* CSVImportService.swift */ = {isa = PBXFileReference; lastKnownFileType = sourcecode.swift; path = CSVImportService.swift; sourceTree = "<group>"; };
		F5A362D52F40876200030163 /* PatternDetectionService.swift */ = {isa = PBXFileReference; lastKnownFileType = sourcecode.swift; path = PatternDetectionService.swift; sourceTree = "<group>"; };
		F5A362D62F40876200030163 /* RecurringExpenseService.swift */ = {isa = PBXFileReference; lastKnownFileType = sourcecode.swift; path = RecurringExpenseService.swift; sourceTree = "<group>"; };
		F5A362DA2F40877700030163 /* CSVParser.swift */ = {isa = PBXFileReference; lastKnownFileType = sourcecode.swift; path = CSVParser.swift; sourceTree = "<group>"; };
		F5A362DC2F40878700030163 /* BudgetView.swift */ = {isa = PBXFileReference; lastKnownFileType = sourcecode.swift; path = BudgetView.swift; sourceTree = "<group>"; };
		F5A362DD2F40878700030163 /* CSVImportView.swift */ = {isa = PBXFileReference; lastKnownFileType = sourcecode.swift; path = CSVImportView.swift; sourceTree = "<group>"; };
		F5A362DE2F40878700030163 /* InsightsView.swift */ = {isa = PBXFileReference; lastKnownFileType = sourcecode.swift; path = InsightsView.swift; sourceTree = "<group>"; };
		F5A362E22F40879300030163 /* TemplateSuggestionCard.swift */ = {isa = PBXFileReference; lastKnownFileType = sourcecode.swift; path = TemplateSuggestionCard.swift; sourceTree = "<group>"; };
		F5A362E42F408C6600030163 /* AddTemplateSheet.swift */ = {isa = PBXFileReference; lastKnownFileType = sourcecode.swift; path = AddTemplateSheet.swift; sourceTree = "<group>"; };
		F5A362E62F4091E700030163 /* EditTemplateSheet.swift */ = {isa = PBXFileReference; lastKnownFileType = sourcecode.swift; path = EditTemplateSheet.swift; sourceTree = "<group>"; };
		F5B897BF2F54A7610027C977 /* EventOccurrence.swift */ = {isa = PBXFileReference; lastKnownFileType = sourcecode.swift; path = EventOccurrence.swift; sourceTree = "<group>"; };
		F5B897C12F54A76D0027C977 /* EventRecurrenceService.swift */ = {isa = PBXFileReference; lastKnownFileType = sourcecode.swift; path = EventRecurrenceService.swift; sourceTree = "<group>"; };
		F5B897C32F54A7820027C977 /* EventRecurrenceTests.swift */ = {isa = PBXFileReference; lastKnownFileType = sourcecode.swift; path = EventRecurrenceTests.swift; sourceTree = "<group>"; };
		F5B897C42F54A7820027C977 /* ExpenseConversionTests.swift */ = {isa = PBXFileReference; lastKnownFileType = sourcecode.swift; path = ExpenseConversionTests.swift; sourceTree = "<group>"; };
		F5B897C52F54A7820027C977 /* ForbiddenPatternsTests.swift */ = {isa = PBXFileReference; lastKnownFileType = sourcecode.swift; path = ForbiddenPatternsTests.swift; sourceTree = "<group>"; };
		F5B897C62F54A7820027C977 /* RecurringExpenseTests.swift */ = {isa = PBXFileReference; lastKnownFileType = sourcecode.swift; path = RecurringExpenseTests.swift; sourceTree = "<group>"; };
		F5B897C72F54A7820027C977 /* WidgetSyncTests.swift */ = {isa = PBXFileReference; lastKnownFileType = sourcecode.swift; path = WidgetSyncTests.swift; sourceTree = "<group>"; };
		F5BCFC962F34C45D0025B2E6 /* DebugSettings.swift */ = {isa = PBXFileReference; lastKnownFileType = sourcecode.swift; path = DebugSettings.swift; sourceTree = "<group>"; };
		F5BCFC972F34C45D0025B2E6 /* DebugView.swift */ = {isa = PBXFileReference; lastKnownFileType = sourcecode.swift; path = DebugView.swift; sourceTree = "<group>"; };
		F5D65F452F4212F6004F7A39 /* StartupManager.swift */ = {isa = PBXFileReference; lastKnownFileType = sourcecode.swift; path = StartupManager.swift; sourceTree = "<group>"; };
		F5D65F472F42130D004F7A39 /* SplashView.swift */ = {isa = PBXFileReference; lastKnownFileType = sourcecode.swift; path = SplashView.swift; sourceTree = "<group>"; };
		F5D65F492F4213D0004F7A39 /* CalendarTests.swift */ = {isa = PBXFileReference; lastKnownFileType = sourcecode.swift; path = CalendarTests.swift; sourceTree = "<group>"; };
		F5D65F4A2F4213D0004F7A39 /* StartupManagerTests.swift */ = {isa = PBXFileReference; lastKnownFileType = sourcecode.swift; path = StartupManagerTests.swift; sourceTree = "<group>"; };
		F5D65F4B2F4213D0004F7A39 /* TodoCategoryTests.swift */ = {isa = PBXFileReference; lastKnownFileType = sourcecode.swift; path = TodoCategoryTests.swift; sourceTree = "<group>"; };
		F5D65F4D2F4213D0004F7A39 /* CalendarUITests.swift */ = {isa = PBXFileReference; lastKnownFileType = sourcecode.swift; path = CalendarUITests.swift; sourceTree = "<group>"; };
		F5D65F4E2F4213D0004F7A39 /* CalendarUITestsLaunchTests.swift */ = {isa = PBXFileReference; lastKnownFileType = sourcecode.swift; path = CalendarUITestsLaunchTests.swift; sourceTree = "<group>"; };
		F5D65F4F2F4213D0004F7A39 /* StartupUITests.swift */ = {isa = PBXFileReference; lastKnownFileType = sourcecode.swift; path = StartupUITests.swift; sourceTree = "<group>"; };
		F5D65F572F421409004F7A39 /* XCTest.framework */ = {isa = PBXFileReference; lastKnownFileType = wrapper.framework; name = XCTest.framework; path = Platforms/iPhoneOS.platform/Developer/Library/Frameworks/XCTest.framework; sourceTree = DEVELOPER_DIR; };
		F5D65F652F42236D004F7A39 /* Logging.swift */ = {isa = PBXFileReference; lastKnownFileType = sourcecode.swift; path = Logging.swift; sourceTree = "<group>"; };
		F5E000012F50000100AA0001 /* BudgetLimit.swift */ = {isa = PBXFileReference; lastKnownFileType = sourcecode.swift; path = BudgetLimit.swift; sourceTree = "<group>"; };
		F5E000022F50000100AA0001 /* CashflowForecastCache.swift */ = {isa = PBXFileReference; lastKnownFileType = sourcecode.swift; path = CashflowForecastCache.swift; sourceTree = "<group>"; };
		F5E000032F50000100AA0001 /* DuplicateSuggestion.swift */ = {isa = PBXFileReference; lastKnownFileType = sourcecode.swift; path = DuplicateSuggestion.swift; sourceTree = "<group>"; };
		F5E000042F50000100AA0001 /* FXRate.swift */ = {isa = PBXFileReference; lastKnownFileType = sourcecode.swift; path = FXRate.swift; sourceTree = "<group>"; };
		F5E000052F50000100AA0001 /* BudgetService.swift */ = {isa = PBXFileReference; lastKnownFileType = sourcecode.swift; path = BudgetService.swift; sourceTree = "<group>"; };
		F5E000062F50000100AA0001 /* DuplicateDetectionService.swift */ = {isa = PBXFileReference; lastKnownFileType = sourcecode.swift; path = DuplicateDetectionService.swift; sourceTree = "<group>"; };
		F5E000072F50000100AA0001 /* FXRateService.swift */ = {isa = PBXFileReference; lastKnownFileType = sourcecode.swift; path = FXRateService.swift; sourceTree = "<group>"; };
		F5E000082F50000100AA0001 /* FXRateStore.swift */ = {isa = PBXFileReference; lastKnownFileType = sourcecode.swift; path = FXRateStore.swift; sourceTree = "<group>"; };
		F5E000092F50000100AA0001 /* ForecastService.swift */ = {isa = PBXFileReference; lastKnownFileType = sourcecode.swift; path = ForecastService.swift; sourceTree = "<group>"; };
		F5E0000A2F50000100AA0001 /* ForecastView.swift */ = {isa = PBXFileReference; lastKnownFileType = sourcecode.swift; path = ForecastView.swift; sourceTree = "<group>"; };
		F5E0000B2F50000100AA0001 /* BudgetServiceTests.swift */ = {isa = PBXFileReference; lastKnownFileType = sourcecode.swift; path = BudgetServiceTests.swift; sourceTree = "<group>"; };
		F5E0000C2F50000100AA0001 /* DuplicateDetectionServiceTests.swift */ = {isa = PBXFileReference; lastKnownFileType = sourcecode.swift; path = DuplicateDetectionServiceTests.swift; sourceTree = "<group>"; };
		F5E0000D2F50000100AA0001 /* FXRateServiceTests.swift */ = {isa = PBXFileReference; lastKnownFileType = sourcecode.swift; path = FXRateServiceTests.swift; sourceTree = "<group>"; };
		F5E0000E2F50000100AA0001 /* ForecastServiceTests.swift */ = {isa = PBXFileReference; lastKnownFileType = sourcecode.swift; path = ForecastServiceTests.swift; sourceTree = "<group>"; };
/* End PBXFileReference section */

/* Begin PBXFileSystemSynchronizedBuildFileExceptionSet section */
		F593C1642F33C31F007F8DEB /* Exceptions for "CalendarWidget" folder in "CalendarWidgetExtension" target */ = {
			isa = PBXFileSystemSynchronizedBuildFileExceptionSet;
			membershipExceptions = (
				Info.plist,
			);
			target = F593C14C2F33C31D007F8DEB /* CalendarWidgetExtension */;
		};
/* End PBXFileSystemSynchronizedBuildFileExceptionSet section */

/* Begin PBXFileSystemSynchronizedRootGroup section */
		F593C1532F33C31D007F8DEB /* CalendarWidget */ = {
			isa = PBXFileSystemSynchronizedRootGroup;
			exceptions = (
				F593C1642F33C31F007F8DEB /* Exceptions for "CalendarWidget" folder in "CalendarWidgetExtension" target */,
			);
			path = CalendarWidget;
			sourceTree = "<group>";
		};
/* End PBXFileSystemSynchronizedRootGroup section */

/* Begin PBXFrameworksBuildPhase section */
		F593BFD92F33B928007F8DEB /* Frameworks */ = {
			isa = PBXFrameworksBuildPhase;
			buildActionMask = 2147483647;
			files = (
			);
			runOnlyForDeploymentPostprocessing = 0;
		};
		F593BFE62F33B92A007F8DEB /* Frameworks */ = {
			isa = PBXFrameworksBuildPhase;
			buildActionMask = 2147483647;
			files = (
				F5D65F622F421498004F7A39 /* XCTest.framework in Frameworks */,
			);
			runOnlyForDeploymentPostprocessing = 0;
		};
		F593BFF02F33B92A007F8DEB /* Frameworks */ = {
			isa = PBXFrameworksBuildPhase;
			buildActionMask = 2147483647;
			files = (
				F5D65F582F421409004F7A39 /* XCTest.framework in Frameworks */,
			);
			runOnlyForDeploymentPostprocessing = 0;
		};
		F593C14A2F33C31D007F8DEB /* Frameworks */ = {
			isa = PBXFrameworksBuildPhase;
			buildActionMask = 2147483647;
			files = (
				F593C1522F33C31D007F8DEB /* SwiftUI.framework in Frameworks */,
				F593C1502F33C31D007F8DEB /* WidgetKit.framework in Frameworks */,
			);
			runOnlyForDeploymentPostprocessing = 0;
		};
/* End PBXFrameworksBuildPhase section */

/* Begin PBXGroup section */
		F554EFEE2F34F4DF008B6601 /* Components */ = {
			isa = PBXGroup;
			children = (
				F554EFEA2F34F4DF008B6601 /* PriorityBadge.swift */,
				F554EFEB2F34F4DF008B6601 /* RecurrencePicker.swift */,
				F554EFEC2F34F4DF008B6601 /* SubtaskRow.swift */,
				F554EFED2F34F4DF008B6601 /* TodoCheckbox.swift */,
			);
			path = Components;
			sourceTree = "<group>";
		};
		F554EFF42F34F4DF008B6601 /* Views */ = {
			isa = PBXGroup;
			children = (
				F554EFEF2F34F4DF008B6601 /* AddCategorySheet.swift */,
				F554EFF02F34F4DF008B6601 /* AddTodoSheet.swift */,
				F554EFF12F34F4DF008B6601 /* CategoryCard.swift */,
				F554EFF22F34F4DF008B6601 /* TodoRow.swift */,
				F554EFF32F34F4DF008B6601 /* TodoView.swift */,
			);
			path = Views;
			sourceTree = "<group>";
		};
		F554EFF52F34F4DF008B6601 /* Todo */ = {
			isa = PBXGroup;
			children = (
				F554EFEE2F34F4DF008B6601 /* Components */,
				F554EFF42F34F4DF008B6601 /* Views */,
			);
			name = Todo;
			path = Calendar/Features/Todo;
			sourceTree = SOURCE_ROOT;
		};
		F554F0042F34F9E6008B6601 /* Views */ = {
			isa = PBXGroup;
			children = (
				F5A1B0022F4E0002007F8DEB /* HolidayCountryPicker.swift */,
				F554F0032F34F9E6008B6601 /* SettingsSheet.swift */,
			);
			path = Views;
			sourceTree = "<group>";
		};
		F554F0052F34F9E6008B6601 /* Settings */ = {
			isa = PBXGroup;
			children = (
				F554F0042F34F9E6008B6601 /* Views */,
			);
			name = Settings;
			path = Calendar/Features/Settings;
			sourceTree = SOURCE_ROOT;
		};
		F593BFD32F33B928007F8DEB = {
			isa = PBXGroup;
			children = (
				F593C1692F33C32E007F8DEB /* CalendarWidgetExtension.entitlements */,
				F593C1482F33C2B3007F8DEB /* Info.plist */,
				F593C1462F33C290007F8DEB /* Calendar.entitlements */,
				F593C0E42F33C234007F8DEB /* AppDelegate.swift */,
				F593C0E62F33C234007F8DEB /* Assets.xcassets */,
				F593C0E72F33C234007F8DEB /* CalendarApp.swift */,
				F593C1CB2F33C57E007F8DEB /* Calendar/App */,
				F593C0F52F33C234007F8DEB /* Core */,
				F5BCFC982F34C45D0025B2E6 /* Debug */,
				F593C10F2F33C234007F8DEB /* Features */,
				F593C11D2F33C234007F8DEB /* Shared */,
				F593C1472F33C290007F8DEB /* Calendar.app */,
				F593C14D2F33C31D007F8DEB /* CalendarWidgetExtension.appex */,
				F593C1532F33C31D007F8DEB /* CalendarWidget */,
				F593C14E2F33C31D007F8DEB /* Frameworks */,
				F556A0252F33C9E70071D8B8 /* CalendarTests.xctest */,
				F5D65F4C2F4213D0004F7A39 /* CalendarTests */,
				F5D65F502F4213D0004F7A39 /* CalendarUITests */,
				F556A0262F33C9E70071D8B8 /* CalendarUITests.xctest */,
			);
			sourceTree = "<group>";
		};
		F593C0EC2F33C234007F8DEB /* Models */ = {
			isa = PBXGroup;
			children = (
				F593C0E82F33C234007F8DEB /* Alarm.swift */,
				F5E000012F50000100AA0001 /* BudgetLimit.swift */,
				F5E000022F50000100AA0001 /* CashflowForecastCache.swift */,
				F593C0E92F33C234007F8DEB /* Event.swift */,
				F593C0EA2F33C234007F8DEB /* TimerPreset.swift */,
				F5A362D02F40875300030163 /* CSVImportSession.swift */,
				F5E000032F50000100AA0001 /* DuplicateSuggestion.swift */,
				F5B897BF2F54A7610027C977 /* EventOccurrence.swift */,
				F57A615D2F55A9090073E676 /* MonobankModels.swift */,
				F5E000042F50000100AA0001 /* FXRate.swift */,
				F5A362D12F40875300030163 /* RecurringExpenseTemplate.swift */,
				F593C0EB2F33C234007F8DEB /* TimerSession.swift */,
				F554EFE42F34F4AA008B6601 /* TodoCategory.swift */,
				F554EFE52F34F4AA008B6601 /* TodoItem.swift */,
				F5A1B00C2F4E0007007F8DEB /* Expense.swift */,
				F5A1B00E2F4E0008007F8DEB /* ExpenseCategory.swift */,
				F5968AA82F3CED2800F50183 /* WeatherModel.swift */,
			);
			path = Models;
			sourceTree = "<group>";
		};
		F593C0EF2F33C234007F8DEB /* Services */ = {
			isa = PBXGroup;
			children = (
				F593C0ED2F33C234007F8DEB /* AudioService.swift */,
				F5E000052F50000100AA0001 /* BudgetService.swift */,
				F5A1B0002F4E0001007F8DEB /* HolidayService.swift */,
				F593C0EE2F33C234007F8DEB /* NotificationService.swift */,
				F5A362D42F40876200030163 /* CSVImportService.swift */,
				F5E000062F50000100AA0001 /* DuplicateDetectionService.swift */,
				F57A615F2F55A9140073E676 /* MonobankKeychainStore.swift */,
				F57A61602F55A9140073E676 /* MonobankSyncService.swift */,
				F5B897C12F54A76D0027C977 /* EventRecurrenceService.swift */,
				F5E000072F50000100AA0001 /* FXRateService.swift */,
				F5E000082F50000100AA0001 /* FXRateStore.swift */,
				F5E000092F50000100AA0001 /* ForecastService.swift */,
				F5A362D52F40876200030163 /* PatternDetectionService.swift */,
				F5D65F452F4212F6004F7A39 /* StartupManager.swift */,
				F5A362D62F40876200030163 /* RecurringExpenseService.swift */,
				F5968AAA2F3CED3000F50183 /* WeatherService.swift */,
			);
			path = Services;
			sourceTree = "<group>";
		};
		F593C0F42F33C234007F8DEB /* ViewModels */ = {
			isa = PBXGroup;
			children = (
				F593C0F02F33C234007F8DEB /* AlarmViewModel.swift */,
				F593C0F12F33C234007F8DEB /* CalendarViewModel.swift */,
				F593C0F22F33C234007F8DEB /* EventViewModel.swift */,
				F593C0F32F33C234007F8DEB /* TimerViewModel.swift */,
				F554EFE82F34F4C8008B6601 /* TodoViewModel.swift */,
				F5A1B0102F4E0009007F8DEB /* ExpenseViewModel.swift */,
			);
			path = ViewModels;
			sourceTree = "<group>";
		};
		F593C0F52F33C234007F8DEB /* Core */ = {
			isa = PBXGroup;
			children = (
				F593C0EC2F33C234007F8DEB /* Models */,
				F593C0EF2F33C234007F8DEB /* Services */,
				F593C0F42F33C234007F8DEB /* ViewModels */,
			);
			name = Core;
			path = Calendar/Core;
			sourceTree = "<group>";
		};
		F593C0F72F33C234007F8DEB /* Components */ = {
			isa = PBXGroup;
			children = (
				F593C0F62F33C234007F8DEB /* AlarmToggle.swift */,
			);
			path = Components;
			sourceTree = "<group>";
		};
		F593C0FA2F33C234007F8DEB /* Views */ = {
			isa = PBXGroup;
			children = (
				F593C0F82F33C234007F8DEB /* AlarmView.swift */,
				F593C0F92F33C234007F8DEB /* TimePicker.swift */,
			);
			path = Views;
			sourceTree = "<group>";
		};
		F593C0FB2F33C234007F8DEB /* Alarm */ = {
			isa = PBXGroup;
			children = (
				F593C0F72F33C234007F8DEB /* Components */,
				F593C0FA2F33C234007F8DEB /* Views */,
			);
			path = Alarm;
			sourceTree = "<group>";
		};
		F593C0FE2F33C234007F8DEB /* Components */ = {
			isa = PBXGroup;
			children = (
				F593C0FC2F33C234007F8DEB /* EventIndicator.swift */,
				F593C0FD2F33C234007F8DEB /* SwipeGestureModifier.swift */,
				F5A1B01E2F4E0010007F8DEB /* WeekStrip.swift */,
			);
			path = Components;
			sourceTree = "<group>";
		};
		F593C1042F33C234007F8DEB /* Views */ = {
			isa = PBXGroup;
			children = (
				F593C0FF2F33C234007F8DEB /* AddEventView.swift */,
				F5A1B01A2F4E000E007F8DEB /* CalendarListView.swift */,
				F5A1B01C2F4E000F007F8DEB /* CalendarTimelineView.swift */,
				F593C1002F33C234007F8DEB /* CalendarView.swift */,
				F593C1012F33C234007F8DEB /* DayCell.swift */,
				F593C1022F33C234007F8DEB /* EventListView.swift */,
				F5A1B0042F4E0003007F8DEB /* EventDetailPopover.swift */,
				F593C1032F33C234007F8DEB /* MonthView.swift */,
				F51A59232F34AFB20006E307 /* MonthYearPicker.swift */,
			);
			path = Views;
			sourceTree = "<group>";
		};
		F593C1052F33C234007F8DEB /* Calendar */ = {
			isa = PBXGroup;
			children = (
				F593C0FE2F33C234007F8DEB /* Components */,
				F593C1042F33C234007F8DEB /* Views */,
			);
			path = Calendar;
			sourceTree = "<group>";
		};
		F593C1082F33C234007F8DEB /* Components */ = {
			isa = PBXGroup;
			children = (
				F593C1062F33C234007F8DEB /* TimerControls.swift */,
				F593C1072F33C234007F8DEB /* TimerDisplay.swift */,
			);
			path = Components;
			sourceTree = "<group>";
		};
		F593C10D2F33C234007F8DEB /* Views */ = {
			isa = PBXGroup;
			children = (
				F593C1092F33C234007F8DEB /* CountdownView.swift */,
				F593C10B2F33C234007F8DEB /* PresetsGrid.swift */,
				F593C10C2F33C234007F8DEB /* TimerView.swift */,
			);
			path = Views;
			sourceTree = "<group>";
		};
		F593C10E2F33C234007F8DEB /* Timer */ = {
			isa = PBXGroup;
			children = (
				F593C1082F33C234007F8DEB /* Components */,
				F593C10D2F33C234007F8DEB /* Views */,
			);
			path = Timer;
			sourceTree = "<group>";
		};
		F593C10F2F33C234007F8DEB /* Features */ = {
			isa = PBXGroup;
			children = (
				F5968AB02F3CED4700F50183 /* Weather */,
				F554F0052F34F9E6008B6601 /* Settings */,
				F554EFF52F34F4DF008B6601 /* Todo */,
				F593C0FB2F33C234007F8DEB /* Alarm */,
				F593C1052F33C234007F8DEB /* Calendar */,
				F593C10E2F33C234007F8DEB /* Timer */,
				F5A1B0202F4E0011007F8DEB /* Expenses */,
				F5A1B0232F4E0014007F8DEB /* Clock */,
			);
			name = Features;
			path = Calendar/Features;
			sourceTree = "<group>";
		};
		F593C1152F33C234007F8DEB /* Components */ = {
			isa = PBXGroup;
			children = (
				F593C1102F33C234007F8DEB /* AdaptiveSidebar.swift */,
				F593C1112F33C234007F8DEB /* AdaptiveTabBar.swift */,
				F593C1122F33C234007F8DEB /* GlassBackground.swift */,
				F5D65F472F42130D004F7A39 /* SplashView.swift */,
				F593C1132F33C234007F8DEB /* GlassButton.swift */,
				F556A0352F33CD160071D8B8 /* NotFoundView.swift */,
				F554EFFF2F34F99C008B6601 /* TopBarView.swift */,
				F554F0012F34F9AE008B6601 /* SideSheetModifier.swift */,
				F5A1B00A2F4E0006007F8DEB /* StatusBadge.swift */,
				F51F1B452F3BD2FA007A3F3E /* FloatingErrorView.swift */,
				F50CBAD22F3F8F9D007685D6 /* DesignComponents.swift */,
				F50CBAD32F3F8F9D007685D6 /* FloatingTabBar.swift */,
				F51F1B472F3BD304007A3F3E /* GlassCard.swift */,
			);
			path = Components;
			sourceTree = "<group>";
		};
		F593C1192F33C234007F8DEB /* Extensions */ = {
			isa = PBXGroup;
			children = (
				F593C1162F33C234007F8DEB /* Color+Theme.swift */,
				F593C1172F33C234007F8DEB /* Date+Extensions.swift */,
				F593C1182F33C234007F8DEB /* View+Glass.swift */,
			);
			path = Extensions;
			sourceTree = "<group>";
		};
		F593C11C2F33C234007F8DEB /* Utilities */ = {
			isa = PBXGroup;
			children = (
				F593C11A2F33C234007F8DEB /* Constants.swift */,
				F593C11B2F33C234007F8DEB /* Formatters.swift */,
				F5A362DA2F40877700030163 /* CSVParser.swift */,
				F556A0532F33F0BD0071D8B8 /* Localization.swift */,
				F5D65F652F42236D004F7A39 /* Logging.swift */,
				F5A1B0062F4E0004007F8DEB /* Typography.swift */,
				F5A1B0082F4E0005007F8DEB /* Spacing.swift */,
			);
			path = Utilities;
			sourceTree = "<group>";
		};
		F593C11D2F33C234007F8DEB /* Shared */ = {
			isa = PBXGroup;
			children = (
				F593C1152F33C234007F8DEB /* Components */,
				F593C1192F33C234007F8DEB /* Extensions */,
				F593C11C2F33C234007F8DEB /* Utilities */,
			);
			name = Shared;
			path = Calendar/Shared;
			sourceTree = "<group>";
		};
		F593C14E2F33C31D007F8DEB /* Frameworks */ = {
			isa = PBXGroup;
			children = (
				F5D65F572F421409004F7A39 /* XCTest.framework */,
				F593C14F2F33C31D007F8DEB /* WidgetKit.framework */,
				F593C1512F33C31D007F8DEB /* SwiftUI.framework */,
			);
			name = Frameworks;
			sourceTree = "<group>";
		};
		F593C1CB2F33C57E007F8DEB /* Calendar/App */ = {
			isa = PBXGroup;
			children = (
				F593C1CA2F33C57E007F8DEB /* AppState.swift */,
				F51F1B412F3BD12F007A3F3E /* ErrorPresenter.swift */,
				F51F1B432F3BD2D6007A3F3E /* ErrorNotifications.swift */,
			);
			path = Calendar/App;
			sourceTree = "<group>";
		};
		F5968AAD2F3CED4700F50183 /* ViewModels */ = {
			isa = PBXGroup;
			children = (
				F5968AAC2F3CED4700F50183 /* WeatherViewModel.swift */,
			);
			path = ViewModels;
			sourceTree = "<group>";
		};
		F5968AAF2F3CED4700F50183 /* Views */ = {
			isa = PBXGroup;
			children = (
				F5968AAE2F3CED4700F50183 /* WeatherView.swift */,
			);
			path = Views;
			sourceTree = "<group>";
		};
		F5968AB02F3CED4700F50183 /* Weather */ = {
			isa = PBXGroup;
			children = (
				F5968AAD2F3CED4700F50183 /* ViewModels */,
				F5968AAF2F3CED4700F50183 /* Views */,
			);
			path = Weather;
			sourceTree = "<group>";
		};
		F5A1B0202F4E0011007F8DEB /* Expenses */ = {
			isa = PBXGroup;
			children = (
				F5A1B0212F4E0012007F8DEB /* Views */,
				F5A1B0222F4E0013007F8DEB /* Components */,
			);
			path = Expenses;
			sourceTree = "<group>";
		};
		F5A1B0212F4E0012007F8DEB /* Views */ = {
			isa = PBXGroup;
			children = (
				F5A1B0122F4E000A007F8DEB /* ExpensesView.swift */,
				F5A362DC2F40878700030163 /* BudgetView.swift */,
				F5A362E42F408C6600030163 /* AddTemplateSheet.swift */,
				F5A362E62F4091E700030163 /* EditTemplateSheet.swift */,
				F5A362DD2F40878700030163 /* CSVImportView.swift */,
				F5E0000A2F50000100AA0001 /* ForecastView.swift */,
				F5A362DE2F40878700030163 /* InsightsView.swift */,
				F5A1B0142F4E000B007F8DEB /* AddExpenseSheet.swift */,
			);
			path = Views;
			sourceTree = "<group>";
		};
		F5A1B0222F4E0013007F8DEB /* Components */ = {
			isa = PBXGroup;
			children = (
				F5A1B0162F4E000C007F8DEB /* ExpenseRow.swift */,
				F5A362E22F40879300030163 /* TemplateSuggestionCard.swift */,
			);
			path = Components;
			sourceTree = "<group>";
		};
		F5A1B0232F4E0014007F8DEB /* Clock */ = {
			isa = PBXGroup;
			children = (
				F5A1B0242F4E0015007F8DEB /* Views */,
			);
			path = Clock;
			sourceTree = "<group>";
		};
		F5A1B0242F4E0015007F8DEB /* Views */ = {
			isa = PBXGroup;
			children = (
				F5A1B0182F4E000D007F8DEB /* ClockView.swift */,
			);
			path = Views;
			sourceTree = "<group>";
		};
		F5BCFC982F34C45D0025B2E6 /* Debug */ = {
			isa = PBXGroup;
			children = (
				F5BCFC962F34C45D0025B2E6 /* DebugSettings.swift */,
				F5BCFC972F34C45D0025B2E6 /* DebugView.swift */,
			);
			name = Debug;
			path = Calendar/Debug;
			sourceTree = SOURCE_ROOT;
		};
		F5D65F4C2F4213D0004F7A39 /* CalendarTests */ = {
			isa = PBXGroup;
			children = (
				F5E0000B2F50000100AA0001 /* BudgetServiceTests.swift */,
				F5D65F492F4213D0004F7A39 /* CalendarTests.swift */,
				F5E0000C2F50000100AA0001 /* DuplicateDetectionServiceTests.swift */,
				F5E0000D2F50000100AA0001 /* FXRateServiceTests.swift */,
				F5B897C32F54A7820027C977 /* EventRecurrenceTests.swift */,
				F57A61632F55A9230073E676 /* MonobankProjectionMapperTests.swift */,
				F57A61642F55A9230073E676 /* MonobankWidgetBalanceSyncTests.swift */,
				F5B897C42F54A7820027C977 /* ExpenseConversionTests.swift */,
				F5B897C52F54A7820027C977 /* ForbiddenPatternsTests.swift */,
				F5B897C62F54A7820027C977 /* RecurringExpenseTests.swift */,
				F5B897C72F54A7820027C977 /* WidgetSyncTests.swift */,
				F5E0000E2F50000100AA0001 /* ForecastServiceTests.swift */,
				F5D65F4A2F4213D0004F7A39 /* StartupManagerTests.swift */,
				F5D65F4B2F4213D0004F7A39 /* TodoCategoryTests.swift */,
			);
			path = CalendarTests;
			sourceTree = "<group>";
		};
		F5D65F502F4213D0004F7A39 /* CalendarUITests */ = {
			isa = PBXGroup;
			children = (
				F5D65F4D2F4213D0004F7A39 /* CalendarUITests.swift */,
				F5D65F4E2F4213D0004F7A39 /* CalendarUITestsLaunchTests.swift */,
				F5D65F4F2F4213D0004F7A39 /* StartupUITests.swift */,
			);
			path = CalendarUITests;
			sourceTree = "<group>";
		};
/* End PBXGroup section */

/* Begin PBXNativeTarget section */
		F593BFDB2F33B928007F8DEB /* Calendar */ = {
			isa = PBXNativeTarget;
			buildConfigurationList = F593BFFD2F33B92A007F8DEB /* Build configuration list for PBXNativeTarget "Calendar" */;
			buildPhases = (
				F593BFD82F33B928007F8DEB /* Sources */,
				F593BFD92F33B928007F8DEB /* Frameworks */,
				F593BFDA2F33B928007F8DEB /* Resources */,
				F593C1682F33C31F007F8DEB /* Embed Foundation Extensions */,
			);
			buildRules = (
			);
			dependencies = (
				F593C1622F33C31F007F8DEB /* PBXTargetDependency */,
			);
			name = Calendar;
			packageProductDependencies = (
			);
			productName = Calendar;
			productReference = F593C1472F33C290007F8DEB /* Calendar.app */;
			productType = "com.apple.product-type.application";
		};
		F593BFE82F33B92A007F8DEB /* CalendarTests */ = {
			isa = PBXNativeTarget;
			buildConfigurationList = F593C0002F33B92A007F8DEB /* Build configuration list for PBXNativeTarget "CalendarTests" */;
			buildPhases = (
				F593BFE52F33B92A007F8DEB /* Sources */,
				F593BFE62F33B92A007F8DEB /* Frameworks */,
				F593BFE72F33B92A007F8DEB /* Resources */,
			);
			buildRules = (
			);
			dependencies = (
				F593BFEB2F33B92A007F8DEB /* PBXTargetDependency */,
			);
			name = CalendarTests;
			packageProductDependencies = (
			);
			productName = CalendarTests;
			productReference = F556A0252F33C9E70071D8B8 /* CalendarTests.xctest */;
			productType = "com.apple.product-type.bundle.unit-test";
		};
		F593BFF22F33B92A007F8DEB /* CalendarUITests */ = {
			isa = PBXNativeTarget;
			buildConfigurationList = F593C0032F33B92A007F8DEB /* Build configuration list for PBXNativeTarget "CalendarUITests" */;
			buildPhases = (
				F593BFEF2F33B92A007F8DEB /* Sources */,
				F593BFF02F33B92A007F8DEB /* Frameworks */,
				F593BFF12F33B92A007F8DEB /* Resources */,
			);
			buildRules = (
			);
			dependencies = (
				F593BFF52F33B92A007F8DEB /* PBXTargetDependency */,
			);
			name = CalendarUITests;
			packageProductDependencies = (
			);
			productName = CalendarUITests;
			productReference = F556A0262F33C9E70071D8B8 /* CalendarUITests.xctest */;
			productType = "com.apple.product-type.bundle.ui-testing";
		};
		F593C14C2F33C31D007F8DEB /* CalendarWidgetExtension */ = {
			isa = PBXNativeTarget;
			buildConfigurationList = F593C1652F33C31F007F8DEB /* Build configuration list for PBXNativeTarget "CalendarWidgetExtension" */;
			buildPhases = (
				F593C1492F33C31D007F8DEB /* Sources */,
				F593C14A2F33C31D007F8DEB /* Frameworks */,
				F593C14B2F33C31D007F8DEB /* Resources */,
			);
			buildRules = (
			);
			dependencies = (
			);
			fileSystemSynchronizedGroups = (
				F593C1532F33C31D007F8DEB /* CalendarWidget */,
			);
			name = CalendarWidgetExtension;
			packageProductDependencies = (
			);
			productName = CalendarWidgetExtension;
			productReference = F593C14D2F33C31D007F8DEB /* CalendarWidgetExtension.appex */;
			productType = "com.apple.product-type.app-extension";
		};
/* End PBXNativeTarget section */

/* Begin PBXProject section */
		F593BFD42F33B928007F8DEB /* Project object */ = {
			isa = PBXProject;
			attributes = {
				BuildIndependentTargetsInParallel = 1;
				LastSwiftUpdateCheck = 2610;
				LastUpgradeCheck = 2610;
				TargetAttributes = {
					F593BFDB2F33B928007F8DEB = {
						CreatedOnToolsVersion = 26.1;
					};
					F593BFE82F33B92A007F8DEB = {
						CreatedOnToolsVersion = 26.1;
						TestTargetID = F593BFDB2F33B928007F8DEB;
					};
					F593BFF22F33B92A007F8DEB = {
						CreatedOnToolsVersion = 26.1;
						TestTargetID = F593BFDB2F33B928007F8DEB;
					};
					F593C14C2F33C31D007F8DEB = {
						CreatedOnToolsVersion = 26.1;
					};
				};
			};
			buildConfigurationList = F593BFD72F33B928007F8DEB /* Build configuration list for PBXProject "Calendar" */;
			developmentRegion = en;
			hasScannedForEncodings = 0;
			knownRegions = (
				en,
				Base,
			);
			mainGroup = F593BFD32F33B928007F8DEB;
			minimizedProjectReferenceProxies = 1;
			preferredProjectObjectVersion = 77;
			productRefGroup = F593BFD32F33B928007F8DEB;
			projectDirPath = "";
			projectRoot = "";
			targets = (
				F593BFDB2F33B928007F8DEB /* Calendar */,
				F593BFE82F33B92A007F8DEB /* CalendarTests */,
				F593BFF22F33B92A007F8DEB /* CalendarUITests */,
				F593C14C2F33C31D007F8DEB /* CalendarWidgetExtension */,
			);
		};
/* End PBXProject section */

/* Begin PBXResourcesBuildPhase section */
		F593BFDA2F33B928007F8DEB /* Resources */ = {
			isa = PBXResourcesBuildPhase;
			buildActionMask = 2147483647;
			files = (
				F593C11E2F33C234007F8DEB /* Assets.xcassets in Resources */,
			);
			runOnlyForDeploymentPostprocessing = 0;
		};
		F593BFE72F33B92A007F8DEB /* Resources */ = {
			isa = PBXResourcesBuildPhase;
			buildActionMask = 2147483647;
			files = (
			);
			runOnlyForDeploymentPostprocessing = 0;
		};
		F593BFF12F33B92A007F8DEB /* Resources */ = {
			isa = PBXResourcesBuildPhase;
			buildActionMask = 2147483647;
			files = (
			);
			runOnlyForDeploymentPostprocessing = 0;
		};
		F593C14B2F33C31D007F8DEB /* Resources */ = {
			isa = PBXResourcesBuildPhase;
			buildActionMask = 2147483647;
			files = (
			);
			runOnlyForDeploymentPostprocessing = 0;
		};
/* End PBXResourcesBuildPhase section */

/* Begin PBXSourcesBuildPhase section */
		F593BFD82F33B928007F8DEB /* Sources */ = {
			isa = PBXSourcesBuildPhase;
			buildActionMask = 2147483647;
			files = (
				F5968AB12F3CED4700F50183 /* WeatherView.swift in Sources */,
				F5968AB22F3CED4700F50183 /* WeatherViewModel.swift in Sources */,
				F5968AAB2F3CED3000F50183 /* WeatherService.swift in Sources */,
				F593C11F2F33C234007F8DEB /* Formatters.swift in Sources */,
				F593C1202F33C234007F8DEB /* CountdownView.swift in Sources */,
				F593C1212F33C234007F8DEB /* CalendarViewModel.swift in Sources */,
				F593C1222F33C234007F8DEB /* View+Glass.swift in Sources */,
				F5E000102F50000100AA0001 /* BudgetLimit.swift in Sources */,
				F554F0062F34F9E6008B6601 /* SettingsSheet.swift in Sources */,
				F593C1232F33C234007F8DEB /* CalendarApp.swift in Sources */,
				F5E000142F50000100AA0001 /* BudgetService.swift in Sources */,
				F5E000112F50000100AA0001 /* CashflowForecastCache.swift in Sources */,
				F5A362E32F40879300030163 /* TemplateSuggestionCard.swift in Sources */,
				F593C1242F33C234007F8DEB /* TimerView.swift in Sources */,
				F593C1252F33C234007F8DEB /* NotificationService.swift in Sources */,
				F50CBAD42F3F8F9D007685D6 /* DesignComponents.swift in Sources */,
				F50CBAD52F3F8F9D007685D6 /* FloatingTabBar.swift in Sources */,
				F593C1262F33C234007F8DEB /* AlarmViewModel.swift in Sources */,
				F593C1272F33C234007F8DEB /* PresetsGrid.swift in Sources */,
				F5BCFC992F34C45D0025B2E6 /* DebugView.swift in Sources */,
				F51F1B442F3BD2D6007A3F3E /* ErrorNotifications.swift in Sources */,
				F5BCFC9A2F34C45D0025B2E6 /* DebugSettings.swift in Sources */,
				F593C1282F33C234007F8DEB /* EventIndicator.swift in Sources */,
				F593C1292F33C234007F8DEB /* AppDelegate.swift in Sources */,
				F593C12B2F33C234007F8DEB /* MonthView.swift in Sources */,
				F554F0022F34F9AE008B6601 /* SideSheetModifier.swift in Sources */,
				F5968AA92F3CED2800F50183 /* WeatherModel.swift in Sources */,
				F556A0542F33F0BD0071D8B8 /* Localization.swift in Sources */,
				F556A0362F33CD160071D8B8 /* NotFoundView.swift in Sources */,
				F51A59242F34AFB20006E307 /* MonthYearPicker.swift in Sources */,
				F593C12C2F33C234007F8DEB /* GlassBackground.swift in Sources */,
				F593C12D2F33C234007F8DEB /* AddEventView.swift in Sources */,
				F5D65F462F4212F6004F7A39 /* StartupManager.swift in Sources */,
				F593C12E2F33C234007F8DEB /* Color+Theme.swift in Sources */,
				F554EFF62F34F4DF008B6601 /* AddCategorySheet.swift in Sources */,
				F554EFF72F34F4DF008B6601 /* AddTodoSheet.swift in Sources */,
				F554EFF82F34F4DF008B6601 /* SubtaskRow.swift in Sources */,
				F554EFF92F34F4DF008B6601 /* PriorityBadge.swift in Sources */,
				F5A362D22F40875300030163 /* CSVImportSession.swift in Sources */,
				F5A362D32F40875300030163 /* RecurringExpenseTemplate.swift in Sources */,
				F5D65F482F42130D004F7A39 /* SplashView.swift in Sources */,
				F5E000122F50000100AA0001 /* DuplicateSuggestion.swift in Sources */,
				F554EFFA2F34F4DF008B6601 /* TodoCheckbox.swift in Sources */,
				F5A362D72F40876200030163 /* CSVImportService.swift in Sources */,
				F5E000152F50000100AA0001 /* DuplicateDetectionService.swift in Sources */,
				F5A362D82F40876200030163 /* PatternDetectionService.swift in Sources */,
				F5A362D92F40876200030163 /* RecurringExpenseService.swift in Sources */,
				F554EFFB2F34F4DF008B6601 /* TodoView.swift in Sources */,
				F554EFFC2F34F4DF008B6601 /* TodoRow.swift in Sources */,
				F554EFFD2F34F4DF008B6601 /* CategoryCard.swift in Sources */,
				F554EFFE2F34F4DF008B6601 /* RecurrencePicker.swift in Sources */,
				F51F1B462F3BD2FA007A3F3E /* FloatingErrorView.swift in Sources */,
				F57A615E2F55A9090073E676 /* MonobankModels.swift in Sources */,
				F5E000132F50000100AA0001 /* FXRate.swift in Sources */,
				F5E000162F50000100AA0001 /* FXRateService.swift in Sources */,
				F5B897C22F54A76D0027C977 /* EventRecurrenceService.swift in Sources */,
				F5E000172F50000100AA0001 /* FXRateStore.swift in Sources */,
				F554EFE62F34F4AA008B6601 /* TodoCategory.swift in Sources */,
				F554EFE72F34F4AA008B6601 /* TodoItem.swift in Sources */,
				F57A61612F55A9140073E676 /* MonobankSyncService.swift in Sources */,
				F57A61622F55A9140073E676 /* MonobankKeychainStore.swift in Sources */,
				F593C12F2F33C234007F8DEB /* Event.swift in Sources */,
				F593C1302F33C234007F8DEB /* Date+Extensions.swift in Sources */,
				F554F0002F34F99C008B6601 /* TopBarView.swift in Sources */,
				F5B897C02F54A7610027C977 /* EventOccurrence.swift in Sources */,
				F593C1312F33C234007F8DEB /* AlarmView.swift in Sources */,
				F593C1322F33C234007F8DEB /* DayCell.swift in Sources */,
				F593C1332F33C234007F8DEB /* TimerViewModel.swift in Sources */,
				F593C1342F33C234007F8DEB /* SwipeGestureModifier.swift in Sources */,
				F51F1B422F3BD12F007A3F3E /* ErrorPresenter.swift in Sources */,
				F593C1352F33C234007F8DEB /* TimerSession.swift in Sources */,
				F593C1362F33C234007F8DEB /* CalendarView.swift in Sources */,
				F554EFE92F34F4C8008B6601 /* TodoViewModel.swift in Sources */,
				F593C1382F33C234007F8DEB /* TimePicker.swift in Sources */,
				F593C1392F33C234007F8DEB /* TimerPreset.swift in Sources */,
				F593C13A2F33C234007F8DEB /* AdaptiveSidebar.swift in Sources */,
				F593C13B2F33C234007F8DEB /* EventListView.swift in Sources */,
				F593C13C2F33C234007F8DEB /* TimerDisplay.swift in Sources */,
				F593C13D2F33C234007F8DEB /* AdaptiveTabBar.swift in Sources */,
				F593C13F2F33C234007F8DEB /* AudioService.swift in Sources */,
				F5A362DB2F40877700030163 /* CSVParser.swift in Sources */,
				F5A1B0012F4E0001007F8DEB /* HolidayService.swift in Sources */,
				F5A1B0032F4E0002007F8DEB /* HolidayCountryPicker.swift in Sources */,
				F5A1B0052F4E0003007F8DEB /* EventDetailPopover.swift in Sources */,
				F5A1B0072F4E0004007F8DEB /* Typography.swift in Sources */,
				F5A1B0092F4E0005007F8DEB /* Spacing.swift in Sources */,
				F5D65F662F42236D004F7A39 /* Logging.swift in Sources */,
				F5A1B00B2F4E0006007F8DEB /* StatusBadge.swift in Sources */,
				F593C1402F33C234007F8DEB /* TimerControls.swift in Sources */,
				F593C1412F33C234007F8DEB /* AlarmToggle.swift in Sources */,
				F5A362E52F408C6600030163 /* AddTemplateSheet.swift in Sources */,
				F593C1422F33C234007F8DEB /* Constants.swift in Sources */,
				F5A362E72F4091E700030163 /* EditTemplateSheet.swift in Sources */,
				F5E000182F50000100AA0001 /* ForecastService.swift in Sources */,
				F5E000192F50000100AA0001 /* ForecastView.swift in Sources */,
				F593C1432F33C234007F8DEB /* GlassButton.swift in Sources */,
				F5A362DF2F40878700030163 /* BudgetView.swift in Sources */,
				F5A362E02F40878700030163 /* CSVImportView.swift in Sources */,
				F5A362E12F40878700030163 /* InsightsView.swift in Sources */,
				F593C1CC2F33C57E007F8DEB /* AppState.swift in Sources */,
				F593C1442F33C234007F8DEB /* Alarm.swift in Sources */,
				F593C1452F33C234007F8DEB /* EventViewModel.swift in Sources */,
				F5A1B00D2F4E0007007F8DEB /* Expense.swift in Sources */,
				F5A1B00F2F4E0008007F8DEB /* ExpenseCategory.swift in Sources */,
				F5A1B0112F4E0009007F8DEB /* ExpenseViewModel.swift in Sources */,
				F5A1B0132F4E000A007F8DEB /* ExpensesView.swift in Sources */,
				F5A1B0152F4E000B007F8DEB /* AddExpenseSheet.swift in Sources */,
				F51F1B482F3BD304007A3F3E /* GlassCard.swift in Sources */,
				F5A1B0172F4E000C007F8DEB /* ExpenseRow.swift in Sources */,
				F5A1B0192F4E000D007F8DEB /* ClockView.swift in Sources */,
				F5A1B01B2F4E000E007F8DEB /* CalendarListView.swift in Sources */,
				F5A1B01D2F4E000F007F8DEB /* CalendarTimelineView.swift in Sources */,
				F5A1B01F2F4E0010007F8DEB /* WeekStrip.swift in Sources */,
			);
			runOnlyForDeploymentPostprocessing = 0;
		};
		F593BFE52F33B92A007F8DEB /* Sources */ = {
			isa = PBXSourcesBuildPhase;
			buildActionMask = 2147483647;
			files = (
				F5E0001A2F50000100AA0001 /* BudgetServiceTests.swift in Sources */,
				F5D65F5C2F42147B004F7A39 /* StartupManagerTests.swift in Sources */,
				F5D65F5E2F421484004F7A39 /* CalendarTests.swift in Sources */,
				F5E0001B2F50000100AA0001 /* DuplicateDetectionServiceTests.swift in Sources */,
				F5E0001C2F50000100AA0001 /* FXRateServiceTests.swift in Sources */,
				F5E0001D2F50000100AA0001 /* ForecastServiceTests.swift in Sources */,
				F5B897C82F54A7820027C977 /* WidgetSyncTests.swift in Sources */,
				F57A61652F55A9230073E676 /* MonobankProjectionMapperTests.swift in Sources */,
				F57A61662F55A9230073E676 /* MonobankWidgetBalanceSyncTests.swift in Sources */,
				F5B897C92F54A7820027C977 /* EventRecurrenceTests.swift in Sources */,
				F5B897CA2F54A7820027C977 /* ExpenseConversionTests.swift in Sources */,
				F5B897CB2F54A7820027C977 /* ForbiddenPatternsTests.swift in Sources */,
				F5B897CC2F54A7820027C977 /* RecurringExpenseTests.swift in Sources */,
				F5D65F5D2F421480004F7A39 /* TodoCategoryTests.swift in Sources */,
			);
			runOnlyForDeploymentPostprocessing = 0;
		};
		F593BFEF2F33B92A007F8DEB /* Sources */ = {
			isa = PBXSourcesBuildPhase;
			buildActionMask = 2147483647;
			files = (
				F5D65F602F42148C004F7A39 /* CalendarUITestsLaunchTests.swift in Sources */,
				F5D65F5F2F421488004F7A39 /* CalendarUITests.swift in Sources */,
				F5D65F612F421490004F7A39 /* StartupUITests.swift in Sources */,
			);
			runOnlyForDeploymentPostprocessing = 0;
		};
		F593C1492F33C31D007F8DEB /* Sources */ = {
			isa = PBXSourcesBuildPhase;
			buildActionMask = 2147483647;
			files = (
			);
			runOnlyForDeploymentPostprocessing = 0;
		};
/* End PBXSourcesBuildPhase section */

/* Begin PBXTargetDependency section */
		F593BFEB2F33B92A007F8DEB /* PBXTargetDependency */ = {
			isa = PBXTargetDependency;
			target = F593BFDB2F33B928007F8DEB /* Calendar */;
			targetProxy = F593BFEA2F33B92A007F8DEB /* PBXContainerItemProxy */;
		};
		F593BFF52F33B92A007F8DEB /* PBXTargetDependency */ = {
			isa = PBXTargetDependency;
			target = F593BFDB2F33B928007F8DEB /* Calendar */;
			targetProxy = F593BFF42F33B92A007F8DEB /* PBXContainerItemProxy */;
		};
		F593C1622F33C31F007F8DEB /* PBXTargetDependency */ = {
			isa = PBXTargetDependency;
			target = F593C14C2F33C31D007F8DEB /* CalendarWidgetExtension */;
			targetProxy = F593C1612F33C31F007F8DEB /* PBXContainerItemProxy */;
		};
/* End PBXTargetDependency section */

/* Begin XCBuildConfiguration section */
		F593BFFB2F33B92A007F8DEB /* Debug */ = {
			isa = XCBuildConfiguration;
			buildSettings = {
				ALWAYS_SEARCH_USER_PATHS = NO;
				ASSETCATALOG_COMPILER_GENERATE_SWIFT_ASSET_SYMBOL_EXTENSIONS = YES;
				CLANG_ANALYZER_NONNULL = YES;
				CLANG_ANALYZER_NUMBER_OBJECT_CONVERSION = YES_AGGRESSIVE;
				CLANG_CXX_LANGUAGE_STANDARD = "gnu++20";
				CLANG_ENABLE_MODULES = YES;
				CLANG_ENABLE_OBJC_ARC = YES;
				CLANG_ENABLE_OBJC_WEAK = YES;
				CLANG_WARN_BLOCK_CAPTURE_AUTORELEASING = YES;
				CLANG_WARN_BOOL_CONVERSION = YES;
				CLANG_WARN_COMMA = YES;
				CLANG_WARN_CONSTANT_CONVERSION = YES;
				CLANG_WARN_DEPRECATED_OBJC_IMPLEMENTATIONS = YES;
				CLANG_WARN_DIRECT_OBJC_ISA_USAGE = YES_ERROR;
				CLANG_WARN_DOCUMENTATION_COMMENTS = YES;
				CLANG_WARN_EMPTY_BODY = YES;
				CLANG_WARN_ENUM_CONVERSION = YES;
				CLANG_WARN_INFINITE_RECURSION = YES;
				CLANG_WARN_INT_CONVERSION = YES;
				CLANG_WARN_NON_LITERAL_NULL_CONVERSION = YES;
				CLANG_WARN_OBJC_IMPLICIT_RETAIN_SELF = YES;
				CLANG_WARN_OBJC_LITERAL_CONVERSION = YES;
				CLANG_WARN_OBJC_ROOT_CLASS = YES_ERROR;
				CLANG_WARN_QUOTED_INCLUDE_IN_FRAMEWORK_HEADER = YES;
				CLANG_WARN_RANGE_LOOP_ANALYSIS = YES;
				CLANG_WARN_STRICT_PROTOTYPES = YES;
				CLANG_WARN_SUSPICIOUS_MOVE = YES;
				CLANG_WARN_UNGUARDED_AVAILABILITY = YES_AGGRESSIVE;
				CLANG_WARN_UNREACHABLE_CODE = YES;
				CLANG_WARN__DUPLICATE_METHOD_MATCH = YES;
				COPY_PHASE_STRIP = NO;
				DEBUG_INFORMATION_FORMAT = dwarf;
				DEVELOPMENT_TEAM = C99Q5SCRVZ;
				ENABLE_STRICT_OBJC_MSGSEND = YES;
				ENABLE_TESTABILITY = YES;
				ENABLE_USER_SCRIPT_SANDBOXING = YES;
				GCC_C_LANGUAGE_STANDARD = gnu17;
				GCC_DYNAMIC_NO_PIC = NO;
				GCC_NO_COMMON_BLOCKS = YES;
				GCC_OPTIMIZATION_LEVEL = 0;
				GCC_PREPROCESSOR_DEFINITIONS = (
					"DEBUG=1",
					"$(inherited)",
				);
				GCC_WARN_64_TO_32_BIT_CONVERSION = YES;
				GCC_WARN_ABOUT_RETURN_TYPE = YES_ERROR;
				GCC_WARN_UNDECLARED_SELECTOR = YES;
				GCC_WARN_UNINITIALIZED_AUTOS = YES_AGGRESSIVE;
				GCC_WARN_UNUSED_FUNCTION = YES;
				GCC_WARN_UNUSED_VARIABLE = YES;
				IPHONEOS_DEPLOYMENT_TARGET = 26.1;
				LOCALIZATION_PREFERS_STRING_CATALOGS = YES;
				MTL_ENABLE_DEBUG_INFO = INCLUDE_SOURCE;
				MTL_FAST_MATH = YES;
				ONLY_ACTIVE_ARCH = YES;
				SDKROOT = iphoneos;
				SUPPORTS_MACCATALYST = YES;
				SWIFT_ACTIVE_COMPILATION_CONDITIONS = "DEBUG $(inherited)";
				SWIFT_OPTIMIZATION_LEVEL = "-Onone";
			};
			name = Debug;
		};
		F593BFFC2F33B92A007F8DEB /* Release */ = {
			isa = XCBuildConfiguration;
			buildSettings = {
				ALWAYS_SEARCH_USER_PATHS = NO;
				ASSETCATALOG_COMPILER_GENERATE_SWIFT_ASSET_SYMBOL_EXTENSIONS = YES;
				CLANG_ANALYZER_NONNULL = YES;
				CLANG_ANALYZER_NUMBER_OBJECT_CONVERSION = YES_AGGRESSIVE;
				CLANG_CXX_LANGUAGE_STANDARD = "gnu++20";
				CLANG_ENABLE_MODULES = YES;
				CLANG_ENABLE_OBJC_ARC = YES;
				CLANG_ENABLE_OBJC_WEAK = YES;
				CLANG_WARN_BLOCK_CAPTURE_AUTORELEASING = YES;
				CLANG_WARN_BOOL_CONVERSION = YES;
				CLANG_WARN_COMMA = YES;
				CLANG_WARN_CONSTANT_CONVERSION = YES;
				CLANG_WARN_DEPRECATED_OBJC_IMPLEMENTATIONS = YES;
				CLANG_WARN_DIRECT_OBJC_ISA_USAGE = YES_ERROR;
				CLANG_WARN_DOCUMENTATION_COMMENTS = YES;
				CLANG_WARN_EMPTY_BODY = YES;
				CLANG_WARN_ENUM_CONVERSION = YES;
				CLANG_WARN_INFINITE_RECURSION = YES;
				CLANG_WARN_INT_CONVERSION = YES;
				CLANG_WARN_NON_LITERAL_NULL_CONVERSION = YES;
				CLANG_WARN_OBJC_IMPLICIT_RETAIN_SELF = YES;
				CLANG_WARN_OBJC_LITERAL_CONVERSION = YES;
				CLANG_WARN_OBJC_ROOT_CLASS = YES_ERROR;
				CLANG_WARN_QUOTED_INCLUDE_IN_FRAMEWORK_HEADER = YES;
				CLANG_WARN_RANGE_LOOP_ANALYSIS = YES;
				CLANG_WARN_STRICT_PROTOTYPES = YES;
				CLANG_WARN_SUSPICIOUS_MOVE = YES;
				CLANG_WARN_UNGUARDED_AVAILABILITY = YES_AGGRESSIVE;
				CLANG_WARN_UNREACHABLE_CODE = YES;
				CLANG_WARN__DUPLICATE_METHOD_MATCH = YES;
				COPY_PHASE_STRIP = NO;
				DEBUG_INFORMATION_FORMAT = "dwarf-with-dsym";
				DEVELOPMENT_TEAM = C99Q5SCRVZ;
				ENABLE_NS_ASSERTIONS = NO;
				ENABLE_STRICT_OBJC_MSGSEND = YES;
				ENABLE_USER_SCRIPT_SANDBOXING = YES;
				GCC_C_LANGUAGE_STANDARD = gnu17;
				GCC_NO_COMMON_BLOCKS = YES;
				GCC_WARN_64_TO_32_BIT_CONVERSION = YES;
				GCC_WARN_ABOUT_RETURN_TYPE = YES_ERROR;
				GCC_WARN_UNDECLARED_SELECTOR = YES;
				GCC_WARN_UNINITIALIZED_AUTOS = YES_AGGRESSIVE;
				GCC_WARN_UNUSED_FUNCTION = YES;
				GCC_WARN_UNUSED_VARIABLE = YES;
				IPHONEOS_DEPLOYMENT_TARGET = 26.1;
				LOCALIZATION_PREFERS_STRING_CATALOGS = YES;
				MTL_ENABLE_DEBUG_INFO = NO;
				MTL_FAST_MATH = YES;
				SDKROOT = iphoneos;
				SUPPORTS_MACCATALYST = YES;
				SWIFT_COMPILATION_MODE = wholemodule;
				VALIDATE_PRODUCT = YES;
			};
			name = Release;
		};
		F593BFFE2F33B92A007F8DEB /* Debug */ = {
			isa = XCBuildConfiguration;
			buildSettings = {
				ASSETCATALOG_COMPILER_APPICON_NAME = AppIcon;
				ASSETCATALOG_COMPILER_GLOBAL_ACCENT_COLOR_NAME = AccentColor;
				CODE_SIGN_ENTITLEMENTS = Calendar/Calendar.entitlements;
				CODE_SIGN_STYLE = Automatic;
				CURRENT_PROJECT_VERSION = 1;
				DEVELOPMENT_TEAM = C99Q5SCRVZ;
				ENABLE_APP_SANDBOX = YES;
				ENABLE_HARDENED_RUNTIME = YES;
				ENABLE_OUTGOING_NETWORK_CONNECTIONS = YES;
				ENABLE_PREVIEWS = YES;
				GENERATE_INFOPLIST_FILE = YES;
				INFOPLIST_FILE = Calendar/Info.plist;
				INFOPLIST_KEY_UIApplicationSceneManifest_Generation = YES;
				INFOPLIST_KEY_UIApplicationSupportsIndirectInputEvents = YES;
				INFOPLIST_KEY_UILaunchScreen_Generation = YES;
				INFOPLIST_KEY_UISupportedInterfaceOrientations_iPad = "UIInterfaceOrientationPortrait UIInterfaceOrientationPortraitUpsideDown UIInterfaceOrientationLandscapeLeft UIInterfaceOrientationLandscapeRight";
				INFOPLIST_KEY_UISupportedInterfaceOrientations_iPhone = "UIInterfaceOrientationPortrait UIInterfaceOrientationLandscapeLeft UIInterfaceOrientationLandscapeRight";
				IPHONEOS_DEPLOYMENT_TARGET = 17.6;
				LD_RUNPATH_SEARCH_PATHS = (
					"$(inherited)",
					"@executable_path/Frameworks",
				);
				MARKETING_VERSION = 0.69;
				PRODUCT_BUNDLE_IDENTIFIER = Shoode.Calendar;
				PRODUCT_NAME = "$(TARGET_NAME)";
				REGISTER_APP_GROUPS = YES;
				STRING_CATALOG_GENERATE_SYMBOLS = YES;
				SUPPORTED_PLATFORMS = "iphoneos iphonesimulator macosx";
				SUPPORTS_MACCATALYST = YES;
				SWIFT_APPROACHABLE_CONCURRENCY = YES;
				SWIFT_DEFAULT_ACTOR_ISOLATION = MainActor;
				SWIFT_EMIT_LOC_STRINGS = YES;
				SWIFT_UPCOMING_FEATURE_MEMBER_IMPORT_VISIBILITY = YES;
				SWIFT_VERSION = 5.0;
				TARGETED_DEVICE_FAMILY = "1,2";
			};
			name = Debug;
		};
		F593BFFF2F33B92A007F8DEB /* Release */ = {
			isa = XCBuildConfiguration;
			buildSettings = {
				ASSETCATALOG_COMPILER_APPICON_NAME = AppIcon;
				ASSETCATALOG_COMPILER_GLOBAL_ACCENT_COLOR_NAME = AccentColor;
				CODE_SIGN_ENTITLEMENTS = Calendar/Calendar.entitlements;
				CODE_SIGN_STYLE = Automatic;
				CURRENT_PROJECT_VERSION = 1;
				DEVELOPMENT_TEAM = C99Q5SCRVZ;
				ENABLE_APP_SANDBOX = YES;
				ENABLE_HARDENED_RUNTIME = YES;
				ENABLE_OUTGOING_NETWORK_CONNECTIONS = YES;
				ENABLE_PREVIEWS = YES;
				GENERATE_INFOPLIST_FILE = YES;
				INFOPLIST_FILE = Calendar/Info.plist;
				INFOPLIST_KEY_UIApplicationSceneManifest_Generation = YES;
				INFOPLIST_KEY_UIApplicationSupportsIndirectInputEvents = YES;
				INFOPLIST_KEY_UILaunchScreen_Generation = YES;
				INFOPLIST_KEY_UISupportedInterfaceOrientations_iPad = "UIInterfaceOrientationPortrait UIInterfaceOrientationPortraitUpsideDown UIInterfaceOrientationLandscapeLeft UIInterfaceOrientationLandscapeRight";
				INFOPLIST_KEY_UISupportedInterfaceOrientations_iPhone = "UIInterfaceOrientationPortrait UIInterfaceOrientationLandscapeLeft UIInterfaceOrientationLandscapeRight";
				IPHONEOS_DEPLOYMENT_TARGET = 17.6;
				LD_RUNPATH_SEARCH_PATHS = (
					"$(inherited)",
					"@executable_path/Frameworks",
				);
				MARKETING_VERSION = 0.69;
				PRODUCT_BUNDLE_IDENTIFIER = Shoode.Calendar;
				PRODUCT_NAME = "$(TARGET_NAME)";
				REGISTER_APP_GROUPS = YES;
				STRING_CATALOG_GENERATE_SYMBOLS = YES;
				SUPPORTED_PLATFORMS = "iphoneos iphonesimulator macosx";
				SUPPORTS_MACCATALYST = YES;
				SWIFT_APPROACHABLE_CONCURRENCY = YES;
				SWIFT_DEFAULT_ACTOR_ISOLATION = MainActor;
				SWIFT_EMIT_LOC_STRINGS = YES;
				SWIFT_UPCOMING_FEATURE_MEMBER_IMPORT_VISIBILITY = YES;
				SWIFT_VERSION = 5.0;
				TARGETED_DEVICE_FAMILY = "1,2";
			};
			name = Release;
		};
		F593C0012F33B92A007F8DEB /* Debug */ = {
			isa = XCBuildConfiguration;
			buildSettings = {
				BUNDLE_LOADER = "$(TEST_HOST)";
				CODE_SIGN_STYLE = Automatic;
				CURRENT_PROJECT_VERSION = 1;
				DEVELOPMENT_TEAM = C99Q5SCRVZ;
				GENERATE_INFOPLIST_FILE = YES;
				IPHONEOS_DEPLOYMENT_TARGET = 17.6;
				MARKETING_VERSION = 0.69;
				PRODUCT_BUNDLE_IDENTIFIER = Shoode.CalendarTests;
				PRODUCT_NAME = "$(TARGET_NAME)";
				STRING_CATALOG_GENERATE_SYMBOLS = NO;
				SUPPORTS_MACCATALYST = YES;
				SWIFT_APPROACHABLE_CONCURRENCY = YES;
				SWIFT_EMIT_LOC_STRINGS = NO;
				SWIFT_UPCOMING_FEATURE_MEMBER_IMPORT_VISIBILITY = YES;
				SWIFT_VERSION = 5.0;
				TARGETED_DEVICE_FAMILY = "1,2";
				TEST_HOST = "$(BUILT_PRODUCTS_DIR)/Calendar.app/$(BUNDLE_EXECUTABLE_FOLDER_PATH)/Calendar";
			};
			name = Debug;
		};
		F593C0022F33B92A007F8DEB /* Release */ = {
			isa = XCBuildConfiguration;
			buildSettings = {
				BUNDLE_LOADER = "$(TEST_HOST)";
				CODE_SIGN_STYLE = Automatic;
				CURRENT_PROJECT_VERSION = 1;
				DEVELOPMENT_TEAM = C99Q5SCRVZ;
				GENERATE_INFOPLIST_FILE = YES;
				IPHONEOS_DEPLOYMENT_TARGET = 17.6;
				MARKETING_VERSION = 0.69;
				PRODUCT_BUNDLE_IDENTIFIER = Shoode.CalendarTests;
				PRODUCT_NAME = "$(TARGET_NAME)";
				STRING_CATALOG_GENERATE_SYMBOLS = NO;
				SUPPORTS_MACCATALYST = YES;
				SWIFT_APPROACHABLE_CONCURRENCY = YES;
				SWIFT_EMIT_LOC_STRINGS = NO;
				SWIFT_UPCOMING_FEATURE_MEMBER_IMPORT_VISIBILITY = YES;
				SWIFT_VERSION = 5.0;
				TARGETED_DEVICE_FAMILY = "1,2";
				TEST_HOST = "$(BUILT_PRODUCTS_DIR)/Calendar.app/$(BUNDLE_EXECUTABLE_FOLDER_PATH)/Calendar";
			};
			name = Release;
		};
		F593C0042F33B92A007F8DEB /* Debug */ = {
			isa = XCBuildConfiguration;
			buildSettings = {
				CODE_SIGN_STYLE = Automatic;
				CURRENT_PROJECT_VERSION = 1;
				DEVELOPMENT_TEAM = C99Q5SCRVZ;
				GENERATE_INFOPLIST_FILE = YES;
				IPHONEOS_DEPLOYMENT_TARGET = 17.6;
				MARKETING_VERSION = 0.69;
				PRODUCT_BUNDLE_IDENTIFIER = Shoode.CalendarUITests;
				PRODUCT_NAME = "$(TARGET_NAME)";
				STRING_CATALOG_GENERATE_SYMBOLS = NO;
				SWIFT_APPROACHABLE_CONCURRENCY = YES;
				SWIFT_EMIT_LOC_STRINGS = NO;
				SWIFT_UPCOMING_FEATURE_MEMBER_IMPORT_VISIBILITY = YES;
				SWIFT_VERSION = 5.0;
				TARGETED_DEVICE_FAMILY = "1,2";
				TEST_TARGET_NAME = Calendar;
			};
			name = Debug;
		};
		F593C0052F33B92A007F8DEB /* Release */ = {
			isa = XCBuildConfiguration;
			buildSettings = {
				CODE_SIGN_STYLE = Automatic;
				CURRENT_PROJECT_VERSION = 1;
				DEVELOPMENT_TEAM = C99Q5SCRVZ;
				GENERATE_INFOPLIST_FILE = YES;
				IPHONEOS_DEPLOYMENT_TARGET = 17.6;
				MARKETING_VERSION = 0.69;
				PRODUCT_BUNDLE_IDENTIFIER = Shoode.CalendarUITests;
				PRODUCT_NAME = "$(TARGET_NAME)";
				STRING_CATALOG_GENERATE_SYMBOLS = NO;
				SWIFT_APPROACHABLE_CONCURRENCY = YES;
				SWIFT_EMIT_LOC_STRINGS = NO;
				SWIFT_UPCOMING_FEATURE_MEMBER_IMPORT_VISIBILITY = YES;
				SWIFT_VERSION = 5.0;
				TARGETED_DEVICE_FAMILY = "1,2";
				TEST_TARGET_NAME = Calendar;
			};
			name = Release;
		};
		F593C1662F33C31F007F8DEB /* Debug */ = {
			isa = XCBuildConfiguration;
			buildSettings = {
				ASSETCATALOG_COMPILER_GLOBAL_ACCENT_COLOR_NAME = AccentColor;
				ASSETCATALOG_COMPILER_WIDGET_BACKGROUND_COLOR_NAME = WidgetBackground;
				CODE_SIGN_ENTITLEMENTS = CalendarWidgetExtension.entitlements;
				CODE_SIGN_STYLE = Automatic;
				CURRENT_PROJECT_VERSION = 1;
				DEVELOPMENT_TEAM = C99Q5SCRVZ;
				GENERATE_INFOPLIST_FILE = YES;
				INFOPLIST_FILE = CalendarWidget/Info.plist;
				INFOPLIST_KEY_CFBundleDisplayName = CalendarWidget;
				INFOPLIST_KEY_NSHumanReadableCopyright = "";
				IPHONEOS_DEPLOYMENT_TARGET = 18.0;
				LD_RUNPATH_SEARCH_PATHS = (
					"$(inherited)",
					"@executable_path/Frameworks",
					"@executable_path/../../Frameworks",
				);
				MARKETING_VERSION = 0.69;
				PRODUCT_BUNDLE_IDENTIFIER = Shoode.Calendar.CalendarWidget;
				PRODUCT_NAME = "$(TARGET_NAME)";
				SKIP_INSTALL = YES;
				STRING_CATALOG_GENERATE_SYMBOLS = YES;
				SUPPORTS_MACCATALYST = YES;
				SWIFT_APPROACHABLE_CONCURRENCY = YES;
				SWIFT_EMIT_LOC_STRINGS = YES;
				SWIFT_UPCOMING_FEATURE_MEMBER_IMPORT_VISIBILITY = YES;
				SWIFT_VERSION = 6.0;
				TARGETED_DEVICE_FAMILY = "1,2";
			};
			name = Debug;
		};
		F593C1672F33C31F007F8DEB /* Release */ = {
			isa = XCBuildConfiguration;
			buildSettings = {
				ASSETCATALOG_COMPILER_GLOBAL_ACCENT_COLOR_NAME = AccentColor;
				ASSETCATALOG_COMPILER_WIDGET_BACKGROUND_COLOR_NAME = WidgetBackground;
				CODE_SIGN_ENTITLEMENTS = CalendarWidgetExtension.entitlements;
				CODE_SIGN_STYLE = Automatic;
				CURRENT_PROJECT_VERSION = 1;
				DEVELOPMENT_TEAM = C99Q5SCRVZ;
				GENERATE_INFOPLIST_FILE = YES;
				INFOPLIST_FILE = CalendarWidget/Info.plist;
				INFOPLIST_KEY_CFBundleDisplayName = CalendarWidget;
				INFOPLIST_KEY_NSHumanReadableCopyright = "";
				IPHONEOS_DEPLOYMENT_TARGET = 18.0;
				LD_RUNPATH_SEARCH_PATHS = (
					"$(inherited)",
					"@executable_path/Frameworks",
					"@executable_path/../../Frameworks",
				);
				MARKETING_VERSION = 0.69;
				PRODUCT_BUNDLE_IDENTIFIER = Shoode.Calendar.CalendarWidget;
				PRODUCT_NAME = "$(TARGET_NAME)";
				SKIP_INSTALL = YES;
				STRING_CATALOG_GENERATE_SYMBOLS = YES;
				SUPPORTS_MACCATALYST = YES;
				SWIFT_APPROACHABLE_CONCURRENCY = YES;
				SWIFT_EMIT_LOC_STRINGS = YES;
				SWIFT_UPCOMING_FEATURE_MEMBER_IMPORT_VISIBILITY = YES;
				SWIFT_VERSION = 6.0;
				TARGETED_DEVICE_FAMILY = "1,2";
			};
			name = Release;
		};
/* End XCBuildConfiguration section */

/* Begin XCConfigurationList section */
		F593BFD72F33B928007F8DEB /* Build configuration list for PBXProject "Calendar" */ = {
			isa = XCConfigurationList;
			buildConfigurations = (
				F593BFFB2F33B92A007F8DEB /* Debug */,
				F593BFFC2F33B92A007F8DEB /* Release */,
			);
			defaultConfigurationIsVisible = 0;
			defaultConfigurationName = Release;
		};
		F593BFFD2F33B92A007F8DEB /* Build configuration list for PBXNativeTarget "Calendar" */ = {
			isa = XCConfigurationList;
			buildConfigurations = (
				F593BFFE2F33B92A007F8DEB /* Debug */,
				F593BFFF2F33B92A007F8DEB /* Release */,
			);
			defaultConfigurationIsVisible = 0;
			defaultConfigurationName = Release;
		};
		F593C0002F33B92A007F8DEB /* Build configuration list for PBXNativeTarget "CalendarTests" */ = {
			isa = XCConfigurationList;
			buildConfigurations = (
				F593C0012F33B92A007F8DEB /* Debug */,
				F593C0022F33B92A007F8DEB /* Release */,
			);
			defaultConfigurationIsVisible = 0;
			defaultConfigurationName = Release;
		};
		F593C0032F33B92A007F8DEB /* Build configuration list for PBXNativeTarget "CalendarUITests" */ = {
			isa = XCConfigurationList;
			buildConfigurations = (
				F593C0042F33B92A007F8DEB /* Debug */,
				F593C0052F33B92A007F8DEB /* Release */,
			);
			defaultConfigurationIsVisible = 0;
			defaultConfigurationName = Release;
		};
		F593C1652F33C31F007F8DEB /* Build configuration list for PBXNativeTarget "CalendarWidgetExtension" */ = {
			isa = XCConfigurationList;
			buildConfigurations = (
				F593C1662F33C31F007F8DEB /* Debug */,
				F593C1672F33C31F007F8DEB /* Release */,
			);
			defaultConfigurationIsVisible = 0;
			defaultConfigurationName = Release;
		};
/* End XCConfigurationList section */
	};
	rootObject = F593BFD42F33B928007F8DEB /* Project object */;
}
